{
  "originHash" : "47fb403535a15aa3a7a76efd1a97a270ef5b6c5c57572fd3cd0931a2742d7b0d",
  "pins" : [
    {
      "identity" : "codeeditor",
      "kind" : "remoteSourceControl",
      "location" : "https://github.com/ZeeZide/CodeEditor.git",
      "state" : {
        "revision" : "f5c076b94f4ceb05abff88ba91d75a8d57143f0c",
        "version" : "1.2.6"
      }
    },
    {
      "identity" : "highlightr",
      "kind" : "remoteSourceControl",
      "location" : "https://github.com/helje5/Highlightr",
      "state" : {
        "revision" : "bd0358056ff1f12ea83833a9fc1b3b5a396a9da0",
        "version" : "3.0.2"
      }
    }
  ],
  "version" : 3
}
