// !$*UTF8*$!
{
	archiveVersion = 1;
	classes = {
	};
	objectVersion = 71;
	objects = {

/* Begin PBXBuildFile section */
		5BD28D9C30006EA10012912F /* AppIcon.icon in Resources */ = {isa = PBXBuildFile; fileRef = 5BD28D9B30006EA10012912F /* AppIcon.icon */; };
		B00000000000000000000001 /* DashApp.swift in Sources */ = {isa = PBXBuildFile; fileRef = F00000000000000000000001 /* DashApp.swift */; };
		B00000000000000000000002 /* AppConfiguration.swift in Sources */ = {isa = PBXBuildFile; fileRef = F00000000000000000000002 /* AppConfiguration.swift */; };
		B00000000000000000000003 /* KeychainTokenStore.swift in Sources */ = {isa = PBXBuildFile; fileRef = F00000000000000000000003 /* KeychainTokenStore.swift */; };
		B00000000000000000000004 /* AppModel.swift in Sources */ = {isa = PBXBuildFile; fileRef = F00000000000000000000004 /* AppModel.swift */; };
		B0000000000000000000012B /* DemoBackend.swift in Sources */ = {isa = PBXBuildFile; fileRef = F0000000000000000000012B /* DemoBackend.swift */; };
		B00000000000000000000005 /* DashTheme.swift in Sources */ = {isa = PBXBuildFile; fileRef = F00000000000000000000005 /* DashTheme.swift */; };
		B00000000000000000000006 /* Catalog.swift in Sources */ = {isa = PBXBuildFile; fileRef = F00000000000000000000006 /* Catalog.swift */; };
		B00000000000000000000007 /* AppRootView.swift in Sources */ = {isa = PBXBuildFile; fileRef = F00000000000000000000007 /* AppRootView.swift */; };
		B00000000000000000000008 /* HomeView.swift in Sources */ = {isa = PBXBuildFile; fileRef = F00000000000000000000008 /* HomeView.swift */; };
		B00000000000000000000009 /* FeatureCatalogView.swift in Sources */ = {isa = PBXBuildFile; fileRef = F00000000000000000000009 /* FeatureCatalogView.swift */; };
		B0000000000000000000000A /* WatchtowerView.swift in Sources */ = {isa = PBXBuildFile; fileRef = F0000000000000000000000A /* WatchtowerView.swift */; };
		B0000000000000000000000B /* FeatureViews.swift in Sources */ = {isa = PBXBuildFile; fileRef = F0000000000000000000000B /* FeatureViews.swift */; };
		B0000000000000000000000C /* StorageViews.swift in Sources */ = {isa = PBXBuildFile; fileRef = F0000000000000000000000C /* StorageViews.swift */; };
		B00000000000000000000140 /* FileTypeIcons.swift in Sources */ = {isa = PBXBuildFile; fileRef = F00000000000000000000140 /* FileTypeIcons.swift */; };
		B00000000000000000000141 /* R2ObjectPreview.swift in Sources */ = {isa = PBXBuildFile; fileRef = F00000000000000000000141 /* R2ObjectPreview.swift */; };
		B0000000000000000000000E /* Assets.xcassets in Resources */ = {isa = PBXBuildFile; fileRef = F0000000000000000000000E /* Assets.xcassets */; };
		B0000000000000000000000F /* PrivacyInfo.xcprivacy in Resources */ = {isa = PBXBuildFile; fileRef = F0000000000000000000000F /* PrivacyInfo.xcprivacy */; };
		B00000000000000000000012 /* DashTests.swift in Sources */ = {isa = PBXBuildFile; fileRef = F00000000000000000000012 /* DashTests.swift */; };
		B00000000000000000000013 /* DashUITests.swift in Sources */ = {isa = PBXBuildFile; fileRef = F00000000000000000000013 /* DashUITests.swift */; };
		B00000000000000000000014 /* CloudflareAPI in Frameworks */ = {isa = PBXBuildFile; productRef = P00000000000000000000001 /* CloudflareAPI */; };
		B00000000000000000000015 /* UserAvatar.swift in Sources */ = {isa = PBXBuildFile; fileRef = F00000000000000000000031 /* UserAvatar.swift */; };
		B00000000000000000000017 /* WatchtowerModel.swift in Sources */ = {isa = PBXBuildFile; fileRef = F00000000000000000000033 /* WatchtowerModel.swift */; };
		B00000000000000000000018 /* SolarIcons.swift in Sources */ = {isa = PBXBuildFile; fileRef = F00000000000000000000034 /* SolarIcons.swift */; };
		B00000000000000000000019 /* DashChrome.swift in Sources */ = {isa = PBXBuildFile; fileRef = F00000000000000000000035 /* DashChrome.swift */; };
		B0000000000000000000001A /* FeatureDataCache.swift in Sources */ = {isa = PBXBuildFile; fileRef = F00000000000000000000036 /* FeatureDataCache.swift */; };
		B0000000000000000000001C /* ZoneAnalyticsView.swift in Sources */ = {isa = PBXBuildFile; fileRef = F00000000000000000000038 /* ZoneAnalyticsView.swift */; };
		B00000000000000000000149 /* WebAnalyticsView.swift in Sources */ = {isa = PBXBuildFile; fileRef = F00000000000000000000148 /* WebAnalyticsView.swift */; };
		B0000000000000000000001D /* DashDetailTray.swift in Sources */ = {isa = PBXBuildFile; fileRef = F00000000000000000000039 /* DashDetailTray.swift */; };
		B00000000000000000000024 /* LoginGrain.metal in Sources */ = {isa = PBXBuildFile; fileRef = F00000000000000000000040 /* LoginGrain.metal */; };
		B00000000000000000000101 /* Pagination.swift in Sources */ = {isa = PBXBuildFile; fileRef = F00000000000000000000101 /* Pagination.swift */; };
		B00000000000000000000103 /* HomePersistence.swift in Sources */ = {isa = PBXBuildFile; fileRef = F00000000000000000000103 /* HomePersistence.swift */; };
		B00000000000000000000105 /* DashRoute.swift in Sources */ = {isa = PBXBuildFile; fileRef = F00000000000000000000105 /* DashRoute.swift */; };
		B00000000000000000000106 /* DashAppIntents.swift in Sources */ = {isa = PBXBuildFile; fileRef = F00000000000000000000106 /* DashAppIntents.swift */; };
		B00000000000000000000107 /* WatchtowerWidgetSnapshot.swift in Sources */ = {isa = PBXBuildFile; fileRef = F00000000000000000000107 /* WatchtowerWidgetSnapshot.swift */; };
		B00000000000000000000108 /* WatchtowerNotifications.swift in Sources */ = {isa = PBXBuildFile; fileRef = F00000000000000000000108 /* WatchtowerNotifications.swift */; };
		B00000000000000000000109 /* DashWidgets.swift in Sources */ = {isa = PBXBuildFile; fileRef = F00000000000000000000109 /* DashWidgets.swift */; };
		B0000000000000000000010A /* WatchtowerWidgetSnapshot.swift in Sources */ = {isa = PBXBuildFile; fileRef = F00000000000000000000107 /* WatchtowerWidgetSnapshot.swift */; };
		B0000000000000000000010B /* DashWidgets.appex in Embed Foundation Extensions */ = {isa = PBXBuildFile; fileRef = F00000000000000000000023 /* DashWidgets.appex */; settings = {ATTRIBUTES = (RemoveHeadersOnCopy, ); }; };
		B0000000000000000000010C /* PushRegistration.swift in Sources */ = {isa = PBXBuildFile; fileRef = F0000000000000000000010C /* PushRegistration.swift */; };
		B000000000000000000001B2 /* WorkerBuildActivity.swift in Sources */ = {isa = PBXBuildFile; fileRef = F000000000000000000001B2 /* WorkerBuildActivity.swift */; };
		B000000000000000000001B1 /* WorkerBuildsSection.swift in Sources */ = {isa = PBXBuildFile; fileRef = F000000000000000000001B1 /* WorkerBuildsSection.swift */; };
		B000000000000000000001B0 /* WorkerBuildActivityController.swift in Sources */ = {isa = PBXBuildFile; fileRef = F000000000000000000001B0 /* WorkerBuildActivityController.swift */; };
		B00000000000000000000173 /* ExpiryReminders.swift in Sources */ = {isa = PBXBuildFile; fileRef = F00000000000000000000173 /* ExpiryReminders.swift */; };
		B00000000000000000000172 /* ZoneAlertsSection.swift in Sources */ = {isa = PBXBuildFile; fileRef = F00000000000000000000172 /* ZoneAlertsSection.swift */; };
		B00000000000000000000171 /* ZoneAlertSubscriptions.swift in Sources */ = {isa = PBXBuildFile; fileRef = F00000000000000000000171 /* ZoneAlertSubscriptions.swift */; };
		B00000000000000000000170 /* NotificationCategories.swift in Sources */ = {isa = PBXBuildFile; fileRef = F00000000000000000000170 /* NotificationCategories.swift */; };
		B0000000000000000000010D /* LegalDocumentView.swift in Sources */ = {isa = PBXBuildFile; fileRef = F0000000000000000000010D /* LegalDocumentView.swift */; };
		B0000000000000000000010E /* TermsOfUse.md in Resources */ = {isa = PBXBuildFile; fileRef = F0000000000000000000010E /* TermsOfUse.md */; };
		B0000000000000000000010F /* PrivacyPolicy.md in Resources */ = {isa = PBXBuildFile; fileRef = F0000000000000000000010F /* PrivacyPolicy.md */; };
		B00000000000000000000112 /* DashAuthorizationScopes.swift in Sources */ = {isa = PBXBuildFile; fileRef = F00000000000000000000112 /* DashAuthorizationScopes.swift */; };
		B00000000000000000000142 /* CodeEditor in Frameworks */ = {isa = PBXBuildFile; productRef = P0000000000000000000000E /* CodeEditor */; };
		B00000000000000000000143 /* KVJSONFormatting.swift in Sources */ = {isa = PBXBuildFile; fileRef = F00000000000000000000142 /* KVJSONFormatting.swift */; };
		B00000000000000000000114 /* DashWorkspace.swift in Sources */ = {isa = PBXBuildFile; fileRef = F00000000000000000000114 /* DashWorkspace.swift */; };
		B00000000000000000000115 /* SwiftDitherKit in Frameworks */ = {isa = PBXBuildFile; productRef = P00000000000000000000006 /* SwiftDitherKit */; };
		B00000000000000000000163 /* SwiftGlobeKit in Frameworks */ = {isa = PBXBuildFile; productRef = P00000000000000000000010 /* SwiftGlobeKit */; };
		B00000000000000000000116 /* WatchtowerTrafficView.swift in Sources */ = {isa = PBXBuildFile; fileRef = F00000000000000000000115 /* WatchtowerTrafficView.swift */; };
		B00000000000000000000117 /* GradientAvatars in Frameworks */ = {isa = PBXBuildFile; productRef = P00000000000000000000008 /* GradientAvatars */; };
		B00000000000000000000118 /* R2ObjectViews.swift in Sources */ = {isa = PBXBuildFile; fileRef = F00000000000000000000116 /* R2ObjectViews.swift */; };
		B00000000000000000000119 /* R2ShareDestination.swift in Sources */ = {isa = PBXBuildFile; fileRef = F00000000000000000000117 /* R2ShareDestination.swift */; };
		B0000000000000000000011A /* ShareViewController.swift in Sources */ = {isa = PBXBuildFile; fileRef = F00000000000000000000118 /* ShareViewController.swift */; };
		B0000000000000000000011B /* R2ShareDestination.swift in Sources */ = {isa = PBXBuildFile; fileRef = F00000000000000000000117 /* R2ShareDestination.swift */; };
		B0000000000000000000012A /* PrivacyInfo.xcprivacy in Resources */ = {isa = PBXBuildFile; fileRef = F0000000000000000000012A /* PrivacyInfo.xcprivacy */; };
		B0000000000000000000011C /* KeychainTokenStore.swift in Sources */ = {isa = PBXBuildFile; fileRef = F00000000000000000000003 /* KeychainTokenStore.swift */; };
		B0000000000000000000011D /* AppConfiguration.swift in Sources */ = {isa = PBXBuildFile; fileRef = F00000000000000000000002 /* AppConfiguration.swift */; };
		B0000000000000000000011E /* DashShare.appex in Embed Foundation Extensions */ = {isa = PBXBuildFile; fileRef = F00000000000000000000024 /* DashShare.appex */; settings = {ATTRIBUTES = (RemoveHeadersOnCopy, ); }; };
		B00000000000000000000184 /* DashNotificationService.appex in Embed Foundation Extensions */ = {isa = PBXBuildFile; fileRef = F00000000000000000000025 /* DashNotificationService.appex */; settings = {ATTRIBUTES = (RemoveHeadersOnCopy, ); }; };
		B00000000000000000000180 /* NotificationService.swift in Sources */ = {isa = PBXBuildFile; fileRef = F00000000000000000000180 /* NotificationService.swift */; };
		B00000000000000000000174 /* AlertLocalization.swift in Sources */ = {isa = PBXBuildFile; fileRef = F00000000000000000000174 /* AlertLocalization.swift */; };
		B00000000000000000000181 /* AlertLocalization.swift in Sources */ = {isa = PBXBuildFile; fileRef = F00000000000000000000174 /* AlertLocalization.swift */; };
		B00000000000000000000183 /* Localizable.xcstrings in Resources */ = {isa = PBXBuildFile; fileRef = F00000000000000000000126 /* Localizable.xcstrings */; };
		B00000000000000000000193 /* PrivacyInfo.xcprivacy in Resources */ = {isa = PBXBuildFile; fileRef = F00000000000000000000193 /* PrivacyInfo.xcprivacy */; };
		B0000000000000000000011F /* CloudflareAPI in Frameworks */ = {isa = PBXBuildFile; productRef = P00000000000000000000009 /* CloudflareAPI */; };
		B00000000000000000000120 /* NetworkAccessProbe.swift in Sources */ = {isa = PBXBuildFile; fileRef = F00000000000000000000120 /* NetworkAccessProbe.swift */; };
		B00000000000000000000121 /* PagesViews.swift in Sources */ = {isa = PBXBuildFile; fileRef = F00000000000000000000121 /* PagesViews.swift */; };
		B00000000000000000000122 /* PagesBuildActivity.swift in Sources */ = {isa = PBXBuildFile; fileRef = F00000000000000000000122 /* PagesBuildActivity.swift */; };
		B00000000000000000000123 /* PagesBuildActivity.swift in Sources */ = {isa = PBXBuildFile; fileRef = F00000000000000000000122 /* PagesBuildActivity.swift */; };
		B000000000000000000001B3 /* WorkerBuildActivity.swift in Sources */ = {isa = PBXBuildFile; fileRef = F000000000000000000001B2 /* WorkerBuildActivity.swift */; };
		B00000000000000000000124 /* PagesBuildActivityController.swift in Sources */ = {isa = PBXBuildFile; fileRef = F00000000000000000000124 /* PagesBuildActivityController.swift */; };
		B00000000000000000000125 /* PushAlertsView.swift in Sources */ = {isa = PBXBuildFile; fileRef = F00000000000000000000125 /* PushAlertsView.swift */; };
		B00000000000000000000126 /* Localizable.xcstrings in Resources */ = {isa = PBXBuildFile; fileRef = F00000000000000000000126 /* Localizable.xcstrings */; };
		B00000000000000000000191 /* Localizable.xcstrings in Resources */ = {isa = PBXBuildFile; fileRef = F00000000000000000000126 /* Localizable.xcstrings */; };
		B00000000000000000000192 /* Localizable.xcstrings in Resources */ = {isa = PBXBuildFile; fileRef = F00000000000000000000126 /* Localizable.xcstrings */; };
		B00000000000000000000127 /* BlossomColorPickerCore in Frameworks */ = {isa = PBXBuildFile; productRef = P0000000000000000000000A /* BlossomColorPickerCore */; };
		B00000000000000000000144 /* WatchtowerInboxStore.swift in Sources */ = {isa = PBXBuildFile; fileRef = F00000000000000000000143 /* WatchtowerInboxStore.swift */; };
		B00000000000000000000145 /* WatchtowerInboxView.swift in Sources */ = {isa = PBXBuildFile; fileRef = F00000000000000000000144 /* WatchtowerInboxView.swift */; };
		B00000000000000000000146 /* DashToast.swift in Sources */ = {isa = PBXBuildFile; fileRef = F00000000000000000000145 /* DashToast.swift */; };
		B00000000000000000000190 /* DeferredDeletion.swift in Sources */ = {isa = PBXBuildFile; fileRef = F00000000000000000000190 /* DeferredDeletion.swift */; };
		B00000000000000000000147 /* WatchtowerIgnoreAllTray.swift in Sources */ = {isa = PBXBuildFile; fileRef = F00000000000000000000146 /* WatchtowerIgnoreAllTray.swift */; };
		B00000000000000000000148 /* DebugView.swift in Sources */ = {isa = PBXBuildFile; fileRef = F00000000000000000000147 /* DebugView.swift */; };
		B00000000000000000000150 /* PerformanceDiagnostics.swift in Sources */ = {isa = PBXBuildFile; fileRef = F00000000000000000000150 /* PerformanceDiagnostics.swift */; };
		B00000000000000000000151 /* WorkerDetailModel.swift in Sources */ = {isa = PBXBuildFile; fileRef = F00000000000000000000151 /* WorkerDetailModel.swift */; };
		B00000000000000000000152 /* FeatureDataCacheTests.swift in Sources */ = {isa = PBXBuildFile; fileRef = F00000000000000000000152 /* FeatureDataCacheTests.swift */; };
		B00000000000000000000153 /* NavigationRuntimeTests.swift in Sources */ = {isa = PBXBuildFile; fileRef = F00000000000000000000153 /* NavigationRuntimeTests.swift */; };
		B00000000000000000000154 /* PagesBuildMonitorTests.swift in Sources */ = {isa = PBXBuildFile; fileRef = F00000000000000000000154 /* PagesBuildMonitorTests.swift */; };
		B00000000000000000000155 /* R2TransferTests.swift in Sources */ = {isa = PBXBuildFile; fileRef = F00000000000000000000155 /* R2TransferTests.swift */; };
		B00000000000000000000156 /* WorkerWatchtowerTests.swift in Sources */ = {isa = PBXBuildFile; fileRef = F00000000000000000000156 /* WorkerWatchtowerTests.swift */; };
		B00000000000000000000157 /* ChartDataTests.swift in Sources */ = {isa = PBXBuildFile; fileRef = F00000000000000000000157 /* ChartDataTests.swift */; };
		B00000000000000000000158 /* MainTabView.swift in Sources */ = {isa = PBXBuildFile; fileRef = F00000000000000000000158 /* MainTabView.swift */; };
		B00000000000000000000159 /* ProfileSettingsViews.swift in Sources */ = {isa = PBXBuildFile; fileRef = F00000000000000000000159 /* ProfileSettingsViews.swift */; };
		B0000000000000000000015A /* ZoneViews.swift in Sources */ = {isa = PBXBuildFile; fileRef = F0000000000000000000015A /* ZoneViews.swift */; };
		B0000000000000000000015B /* WorkerViews.swift in Sources */ = {isa = PBXBuildFile; fileRef = F0000000000000000000015B /* WorkerViews.swift */; };
		B0000000000000000000015C /* ZoneOperationsViews.swift in Sources */ = {isa = PBXBuildFile; fileRef = F0000000000000000000015C /* ZoneOperationsViews.swift */; };
		B0000000000000000000015D /* DashSurfaces.swift in Sources */ = {isa = PBXBuildFile; fileRef = F0000000000000000000015D /* DashSurfaces.swift */; };
		B0000000000000000000015E /* DashControls.swift in Sources */ = {isa = PBXBuildFile; fileRef = F0000000000000000000015E /* DashControls.swift */; };
		B0000000000000000000015F /* DashHeaderScrollChrome.swift in Sources */ = {isa = PBXBuildFile; fileRef = F0000000000000000000015F /* DashHeaderScrollChrome.swift */; };
		B000000000000000000001CE /* DashVariableBlur.swift in Sources */ = {isa = PBXBuildFile; fileRef = F000000000000000000001CE /* DashVariableBlur.swift */; };
		B00000000000000000000160 /* DashFormChrome.swift in Sources */ = {isa = PBXBuildFile; fileRef = F00000000000000000000160 /* DashFormChrome.swift */; };
		B00000000000000000000161 /* DashActionChrome.swift in Sources */ = {isa = PBXBuildFile; fileRef = F00000000000000000000161 /* DashActionChrome.swift */; };
		B00000000000000000000162 /* R2TransferSupport.swift in Sources */ = {isa = PBXBuildFile; fileRef = F00000000000000000000162 /* R2TransferSupport.swift */; };
		B000000000000000000001A0 /* MetricsWidgetSnapshot.swift in Sources */ = {isa = PBXBuildFile; fileRef = F00000000000000000000163 /* MetricsWidgetSnapshot.swift */; };
		B000000000000000000001A1 /* MetricsWidgetPublishing.swift in Sources */ = {isa = PBXBuildFile; fileRef = F00000000000000000000164 /* MetricsWidgetPublishing.swift */; };
		B000000000000000000001A2 /* MetricsWidgets.swift in Sources */ = {isa = PBXBuildFile; fileRef = F00000000000000000000165 /* MetricsWidgets.swift */; };
		B000000000000000000001A3 /* MetricsWidgetSnapshot.swift in Sources */ = {isa = PBXBuildFile; fileRef = F00000000000000000000163 /* MetricsWidgetSnapshot.swift */; };
		B000000000000000000001A4 /* SwiftDitherKit in Frameworks */ = {isa = PBXBuildFile; productRef = P00000000000000000000011 /* SwiftDitherKit */; };
		B000000000000000000001A5 /* MetricsWidgetSnapshotTests.swift in Sources */ = {isa = PBXBuildFile; fileRef = F00000000000000000000166 /* MetricsWidgetSnapshotTests.swift */; };
		B00000000000000000000176 /* AlertRoutingTests.swift in Sources */ = {isa = PBXBuildFile; fileRef = F00000000000000000000176 /* AlertRoutingTests.swift */; };
		B000000000000000000001B4 /* WorkerBuildActivityTests.swift in Sources */ = {isa = PBXBuildFile; fileRef = F000000000000000000001B4 /* WorkerBuildActivityTests.swift */; };
		B000000000000000000001B5 /* DeferredDeletionTests.swift in Sources */ = {isa = PBXBuildFile; fileRef = F000000000000000000001B5 /* DeferredDeletionTests.swift */; };
		B000000000000000000001B6 /* ICloudPreferencesSync.swift in Sources */ = {isa = PBXBuildFile; fileRef = F000000000000000000001B6 /* ICloudPreferencesSync.swift */; };
		B000000000000000000001B7 /* ICloudPreferencesSyncTests.swift in Sources */ = {isa = PBXBuildFile; fileRef = F000000000000000000001B7 /* ICloudPreferencesSyncTests.swift */; };
		B000000000000000000001B8 /* EmailRoutingViews.swift in Sources */ = {isa = PBXBuildFile; fileRef = F000000000000000000001B8 /* EmailRoutingViews.swift */; };
		B000000000000000000001B9 /* EmailAddressViews.swift in Sources */ = {isa = PBXBuildFile; fileRef = F000000000000000000001B9 /* EmailAddressViews.swift */; };
		B000000000000000000001BA /* RegistrarViews.swift in Sources */ = {isa = PBXBuildFile; fileRef = F000000000000000000001BA /* RegistrarViews.swift */; };
		B000000000000000000001BB /* TunnelViews.swift in Sources */ = {isa = PBXBuildFile; fileRef = F000000000000000000001BB /* TunnelViews.swift */; };
		B000000000000000000001BC /* FilesMountView.swift in Sources */ = {isa = PBXBuildFile; fileRef = F000000000000000000001BC /* FilesMountView.swift */; };
		B000000000000000000001BD /* FileProviderDomains.swift in Sources */ = {isa = PBXBuildFile; fileRef = F000000000000000000001BD /* FileProviderDomains.swift */; };
		B000000000000000000001BE /* FileProviderExtension.swift in Sources */ = {isa = PBXBuildFile; fileRef = F000000000000000000001BE /* FileProviderExtension.swift */; };
		B000000000000000000001BF /* R2ItemIdentifier.swift in Sources */ = {isa = PBXBuildFile; fileRef = F000000000000000000001BF /* R2ItemIdentifier.swift */; };
		B000000000000000000001C0 /* R2FileProviderItem.swift in Sources */ = {isa = PBXBuildFile; fileRef = F000000000000000000001C0 /* R2FileProviderItem.swift */; };
		B000000000000000000001C1 /* R2Enumerator.swift in Sources */ = {isa = PBXBuildFile; fileRef = F000000000000000000001C1 /* R2Enumerator.swift */; };
		B000000000000000000001C2 /* FileProviderErrorMapping.swift in Sources */ = {isa = PBXBuildFile; fileRef = F000000000000000000001C2 /* FileProviderErrorMapping.swift */; };
		B000000000000000000001C3 /* KeychainTokenStore.swift in Sources */ = {isa = PBXBuildFile; fileRef = F00000000000000000000003 /* KeychainTokenStore.swift */; };
		B000000000000000000001C4 /* AppConfiguration.swift in Sources */ = {isa = PBXBuildFile; fileRef = F00000000000000000000002 /* AppConfiguration.swift */; };
		B000000000000000000001C5 /* R2ShareDestination.swift in Sources */ = {isa = PBXBuildFile; fileRef = F00000000000000000000117 /* R2ShareDestination.swift */; };
		B000000000000000000001C6 /* R2TransferSupport.swift in Sources */ = {isa = PBXBuildFile; fileRef = F00000000000000000000162 /* R2TransferSupport.swift */; };
		B000000000000000000001C7 /* Localizable.xcstrings in Resources */ = {isa = PBXBuildFile; fileRef = F00000000000000000000126 /* Localizable.xcstrings */; };
		B000000000000000000001C8 /* PrivacyInfo.xcprivacy in Resources */ = {isa = PBXBuildFile; fileRef = F000000000000000000001C5 /* PrivacyInfo.xcprivacy */; };
		B000000000000000000001C9 /* CloudflareAPI in Frameworks */ = {isa = PBXBuildFile; productRef = P00000000000000000000012 /* CloudflareAPI */; };
		B000000000000000000001CA /* DashFileProvider.appex in Embed Foundation Extensions */ = {isa = PBXBuildFile; fileRef = F00000000000000000000026 /* DashFileProvider.appex */; settings = {ATTRIBUTES = (RemoveHeadersOnCopy, ); }; };
		B000000000000000000001CB /* FileProviderDomainsTests.swift in Sources */ = {isa = PBXBuildFile; fileRef = F000000000000000000001CB /* FileProviderDomainsTests.swift */; };
		B000000000000000000001CC /* R2ItemIdentifier.swift in Sources */ = {isa = PBXBuildFile; fileRef = F000000000000000000001BF /* R2ItemIdentifier.swift */; };
		B000000000000000000001CD /* HoloStickerView.swift in Sources */ = {isa = PBXBuildFile; fileRef = F000000000000000000001CD /* HoloStickerView.swift */; };
/* End PBXBuildFile section */

/* Begin PBXContainerItemProxy section */
		C00000000000000000000001 /* PBXContainerItemProxy */ = {
			isa = PBXContainerItemProxy;
			containerPortal = A00000000000000000000001 /* Project object */;
			proxyType = 1;
			remoteGlobalIDString = A00000000000000000000002;
			remoteInfo = Dash;
		};
		C00000000000000000000013 /* PBXContainerItemProxy */ = {
			isa = PBXContainerItemProxy;
			containerPortal = A00000000000000000000001 /* Project object */;
			proxyType = 1;
			remoteGlobalIDString = A00000000000000000000005;
			remoteInfo = DashWidgets;
		};
		C00000000000000000000015 /* PBXContainerItemProxy */ = {
			isa = PBXContainerItemProxy;
			containerPortal = A00000000000000000000001 /* Project object */;
			proxyType = 1;
			remoteGlobalIDString = A00000000000000000000006;
			remoteInfo = DashShare;
		};
		C00000000000000000000031 /* PBXContainerItemProxy */ = {
			isa = PBXContainerItemProxy;
			containerPortal = A00000000000000000000001 /* Project object */;
			proxyType = 1;
			remoteGlobalIDString = A00000000000000000000007;
			remoteInfo = DashNotificationService;
		};
		C00000000000000000000032 /* PBXContainerItemProxy */ = {
			isa = PBXContainerItemProxy;
			containerPortal = A00000000000000000000001 /* Project object */;
			proxyType = 1;
			remoteGlobalIDString = A00000000000000000000008;
			remoteInfo = DashFileProvider;
		};
/* End PBXContainerItemProxy section */

/* Begin PBXCopyFilesBuildPhase section */
		D00000000000000000000017 /* Embed Foundation Extensions */ = {
			isa = PBXCopyFilesBuildPhase;
			buildActionMask = 2147483647;
			dstPath = "";
			dstSubfolderSpec = 13;
			files = (
				B0000000000000000000010B /* DashWidgets.appex in Embed Foundation Extensions */,
				B0000000000000000000011E /* DashShare.appex in Embed Foundation Extensions */,
				B00000000000000000000184 /* DashNotificationService.appex in Embed Foundation Extensions */,
				B000000000000000000001CA /* DashFileProvider.appex in Embed Foundation Extensions */,
			);
			name = "Embed Foundation Extensions";
			runOnlyForDeploymentPostprocessing = 0;
		};
/* End PBXCopyFilesBuildPhase section */

/* Begin PBXFileReference section */
		5BD28D9B30006EA10012912F /* AppIcon.icon */ = {isa = PBXFileReference; lastKnownFileType = folder.iconcomposer.icon; path = AppIcon.icon; sourceTree = "<group>"; };
		F00000000000000000000001 /* DashApp.swift */ = {isa = PBXFileReference; lastKnownFileType = sourcecode.swift; path = DashApp.swift; sourceTree = "<group>"; };
		F00000000000000000000002 /* AppConfiguration.swift */ = {isa = PBXFileReference; lastKnownFileType = sourcecode.swift; path = AppConfiguration.swift; sourceTree = "<group>"; };
		F00000000000000000000003 /* KeychainTokenStore.swift */ = {isa = PBXFileReference; lastKnownFileType = sourcecode.swift; path = KeychainTokenStore.swift; sourceTree = "<group>"; };
		F00000000000000000000004 /* AppModel.swift */ = {isa = PBXFileReference; lastKnownFileType = sourcecode.swift; path = AppModel.swift; sourceTree = "<group>"; };
		F0000000000000000000012B /* DemoBackend.swift */ = {isa = PBXFileReference; lastKnownFileType = sourcecode.swift; path = DemoBackend.swift; sourceTree = "<group>"; };
		F00000000000000000000005 /* DashTheme.swift */ = {isa = PBXFileReference; lastKnownFileType = sourcecode.swift; path = DashTheme.swift; sourceTree = "<group>"; };
		F000000000000000000001CD /* HoloStickerView.swift */ = {isa = PBXFileReference; lastKnownFileType = sourcecode.swift; path = HoloStickerView.swift; sourceTree = "<group>"; };
		F00000000000000000000006 /* Catalog.swift */ = {isa = PBXFileReference; lastKnownFileType = sourcecode.swift; path = Catalog.swift; sourceTree = "<group>"; };
		F00000000000000000000007 /* AppRootView.swift */ = {isa = PBXFileReference; lastKnownFileType = sourcecode.swift; path = AppRootView.swift; sourceTree = "<group>"; };
		F00000000000000000000008 /* HomeView.swift */ = {isa = PBXFileReference; lastKnownFileType = sourcecode.swift; path = HomeView.swift; sourceTree = "<group>"; };
		F00000000000000000000009 /* FeatureCatalogView.swift */ = {isa = PBXFileReference; lastKnownFileType = sourcecode.swift; path = FeatureCatalogView.swift; sourceTree = "<group>"; };
		F0000000000000000000000A /* WatchtowerView.swift */ = {isa = PBXFileReference; lastKnownFileType = sourcecode.swift; path = WatchtowerView.swift; sourceTree = "<group>"; };
		F0000000000000000000000B /* FeatureViews.swift */ = {isa = PBXFileReference; lastKnownFileType = sourcecode.swift; path = FeatureViews.swift; sourceTree = "<group>"; };
		F0000000000000000000000C /* StorageViews.swift */ = {isa = PBXFileReference; lastKnownFileType = sourcecode.swift; path = StorageViews.swift; sourceTree = "<group>"; };
		F00000000000000000000142 /* KVJSONFormatting.swift */ = {isa = PBXFileReference; lastKnownFileType = sourcecode.swift; path = KVJSONFormatting.swift; sourceTree = "<group>"; };
		F00000000000000000000140 /* FileTypeIcons.swift */ = {isa = PBXFileReference; lastKnownFileType = sourcecode.swift; path = FileTypeIcons.swift; sourceTree = "<group>"; };
		F00000000000000000000141 /* R2ObjectPreview.swift */ = {isa = PBXFileReference; lastKnownFileType = sourcecode.swift; path = R2ObjectPreview.swift; sourceTree = "<group>"; };
		F0000000000000000000000E /* Assets.xcassets */ = {isa = PBXFileReference; lastKnownFileType = folder.assetcatalog; path = Assets.xcassets; sourceTree = "<group>"; };
		F0000000000000000000000F /* PrivacyInfo.xcprivacy */ = {isa = PBXFileReference; lastKnownFileType = text.xml; path = PrivacyInfo.xcprivacy; sourceTree = "<group>"; };
		F00000000000000000000012 /* DashTests.swift */ = {isa = PBXFileReference; lastKnownFileType = sourcecode.swift; path = DashTests.swift; sourceTree = "<group>"; };
		F00000000000000000000013 /* DashUITests.swift */ = {isa = PBXFileReference; lastKnownFileType = sourcecode.swift; path = DashUITests.swift; sourceTree = "<group>"; };
		F00000000000000000000020 /* Dash.app */ = {isa = PBXFileReference; explicitFileType = wrapper.application; includeInIndex = 0; path = Dash.app; sourceTree = BUILT_PRODUCTS_DIR; };
		F00000000000000000000021 /* DashTests.xctest */ = {isa = PBXFileReference; explicitFileType = wrapper.cfbundle; includeInIndex = 0; path = DashTests.xctest; sourceTree = BUILT_PRODUCTS_DIR; };
		F00000000000000000000022 /* DashUITests.xctest */ = {isa = PBXFileReference; explicitFileType = wrapper.cfbundle; includeInIndex = 0; path = DashUITests.xctest; sourceTree = BUILT_PRODUCTS_DIR; };
		F00000000000000000000023 /* DashWidgets.appex */ = {isa = PBXFileReference; explicitFileType = "wrapper.app-extension"; includeInIndex = 0; path = DashWidgets.appex; sourceTree = BUILT_PRODUCTS_DIR; };
		F00000000000000000000024 /* DashShare.appex */ = {isa = PBXFileReference; explicitFileType = "wrapper.app-extension"; includeInIndex = 0; path = DashShare.appex; sourceTree = BUILT_PRODUCTS_DIR; };
		F00000000000000000000025 /* DashNotificationService.appex */ = {isa = PBXFileReference; explicitFileType = "wrapper.app-extension"; includeInIndex = 0; path = DashNotificationService.appex; sourceTree = BUILT_PRODUCTS_DIR; };
		F00000000000000000000026 /* DashFileProvider.appex */ = {isa = PBXFileReference; explicitFileType = "wrapper.app-extension"; includeInIndex = 0; path = DashFileProvider.appex; sourceTree = BUILT_PRODUCTS_DIR; };
		F00000000000000000000180 /* NotificationService.swift */ = {isa = PBXFileReference; lastKnownFileType = sourcecode.swift; path = NotificationService.swift; sourceTree = "<group>"; };
		F00000000000000000000181 /* Info.plist */ = {isa = PBXFileReference; lastKnownFileType = text.plist.xml; path = Info.plist; sourceTree = "<group>"; };
		F00000000000000000000182 /* DashNotificationService.entitlements */ = {isa = PBXFileReference; lastKnownFileType = text.plist.entitlements; path = DashNotificationService.entitlements; sourceTree = "<group>"; };
		F00000000000000000000193 /* PrivacyInfo.xcprivacy */ = {isa = PBXFileReference; lastKnownFileType = text.xml; path = PrivacyInfo.xcprivacy; sourceTree = "<group>"; };
		F00000000000000000000174 /* AlertLocalization.swift */ = {isa = PBXFileReference; lastKnownFileType = sourcecode.swift; path = AlertLocalization.swift; sourceTree = "<group>"; };
		F00000000000000000000030 /* Base.xcconfig */ = {isa = PBXFileReference; lastKnownFileType = text.xcconfig; name = Base.xcconfig; path = Config/Base.xcconfig; sourceTree = SOURCE_ROOT; };
		F00000000000000000000031 /* UserAvatar.swift */ = {isa = PBXFileReference; lastKnownFileType = sourcecode.swift; path = UserAvatar.swift; sourceTree = "<group>"; };
		F00000000000000000000033 /* WatchtowerModel.swift */ = {isa = PBXFileReference; lastKnownFileType = sourcecode.swift; path = WatchtowerModel.swift; sourceTree = "<group>"; };
		F00000000000000000000034 /* SolarIcons.swift */ = {isa = PBXFileReference; lastKnownFileType = sourcecode.swift; path = SolarIcons.swift; sourceTree = "<group>"; };
		F00000000000000000000035 /* DashChrome.swift */ = {isa = PBXFileReference; lastKnownFileType = sourcecode.swift; path = DashChrome.swift; sourceTree = "<group>"; };
		F00000000000000000000036 /* FeatureDataCache.swift */ = {isa = PBXFileReference; lastKnownFileType = sourcecode.swift; path = FeatureDataCache.swift; sourceTree = "<group>"; };
		F00000000000000000000038 /* ZoneAnalyticsView.swift */ = {isa = PBXFileReference; lastKnownFileType = sourcecode.swift; path = ZoneAnalyticsView.swift; sourceTree = "<group>"; };
		F00000000000000000000148 /* WebAnalyticsView.swift */ = {isa = PBXFileReference; lastKnownFileType = sourcecode.swift; path = WebAnalyticsView.swift; sourceTree = "<group>"; };
		F00000000000000000000039 /* DashDetailTray.swift */ = {isa = PBXFileReference; lastKnownFileType = sourcecode.swift; path = DashDetailTray.swift; sourceTree = "<group>"; };
		F00000000000000000000040 /* LoginGrain.metal */ = {isa = PBXFileReference; lastKnownFileType = sourcecode.metal; path = LoginGrain.metal; sourceTree = "<group>"; };
		F00000000000000000000101 /* Pagination.swift */ = {isa = PBXFileReference; lastKnownFileType = sourcecode.swift; path = Pagination.swift; sourceTree = "<group>"; };
		F00000000000000000000103 /* HomePersistence.swift */ = {isa = PBXFileReference; lastKnownFileType = sourcecode.swift; path = HomePersistence.swift; sourceTree = "<group>"; };
		F00000000000000000000105 /* DashRoute.swift */ = {isa = PBXFileReference; lastKnownFileType = sourcecode.swift; path = DashRoute.swift; sourceTree = "<group>"; };
		F00000000000000000000106 /* DashAppIntents.swift */ = {isa = PBXFileReference; lastKnownFileType = sourcecode.swift; path = DashAppIntents.swift; sourceTree = "<group>"; };
		F00000000000000000000107 /* WatchtowerWidgetSnapshot.swift */ = {isa = PBXFileReference; lastKnownFileType = sourcecode.swift; path = WatchtowerWidgetSnapshot.swift; sourceTree = "<group>"; };
		F00000000000000000000108 /* WatchtowerNotifications.swift */ = {isa = PBXFileReference; lastKnownFileType = sourcecode.swift; path = WatchtowerNotifications.swift; sourceTree = "<group>"; };
		F00000000000000000000109 /* DashWidgets.swift */ = {isa = PBXFileReference; lastKnownFileType = sourcecode.swift; path = DashWidgets.swift; sourceTree = "<group>"; };
		F0000000000000000000010A /* Info.plist */ = {isa = PBXFileReference; lastKnownFileType = text.plist.xml; path = Info.plist; sourceTree = "<group>"; };
		F0000000000000000000010B /* DashWidgets.entitlements */ = {isa = PBXFileReference; lastKnownFileType = text.plist.entitlements; path = DashWidgets.entitlements; sourceTree = "<group>"; };
		F0000000000000000000010C /* PushRegistration.swift */ = {isa = PBXFileReference; lastKnownFileType = sourcecode.swift; path = PushRegistration.swift; sourceTree = "<group>"; };
		F000000000000000000001B2 /* WorkerBuildActivity.swift */ = {isa = PBXFileReference; lastKnownFileType = sourcecode.swift; path = WorkerBuildActivity.swift; sourceTree = "<group>"; };
		F000000000000000000001B1 /* WorkerBuildsSection.swift */ = {isa = PBXFileReference; lastKnownFileType = sourcecode.swift; path = WorkerBuildsSection.swift; sourceTree = "<group>"; };
		F000000000000000000001B0 /* WorkerBuildActivityController.swift */ = {isa = PBXFileReference; lastKnownFileType = sourcecode.swift; path = WorkerBuildActivityController.swift; sourceTree = "<group>"; };
		F00000000000000000000173 /* ExpiryReminders.swift */ = {isa = PBXFileReference; lastKnownFileType = sourcecode.swift; path = ExpiryReminders.swift; sourceTree = "<group>"; };
		F00000000000000000000172 /* ZoneAlertsSection.swift */ = {isa = PBXFileReference; lastKnownFileType = sourcecode.swift; path = ZoneAlertsSection.swift; sourceTree = "<group>"; };
		F00000000000000000000171 /* ZoneAlertSubscriptions.swift */ = {isa = PBXFileReference; lastKnownFileType = sourcecode.swift; path = ZoneAlertSubscriptions.swift; sourceTree = "<group>"; };
		F00000000000000000000170 /* NotificationCategories.swift */ = {isa = PBXFileReference; lastKnownFileType = sourcecode.swift; path = NotificationCategories.swift; sourceTree = "<group>"; };
		F0000000000000000000010D /* LegalDocumentView.swift */ = {isa = PBXFileReference; lastKnownFileType = sourcecode.swift; path = LegalDocumentView.swift; sourceTree = "<group>"; };
		F0000000000000000000010E /* TermsOfUse.md */ = {isa = PBXFileReference; lastKnownFileType = net.daringfireball.markdown; path = TermsOfUse.md; sourceTree = "<group>"; };
		F0000000000000000000010F /* PrivacyPolicy.md */ = {isa = PBXFileReference; lastKnownFileType = net.daringfireball.markdown; path = PrivacyPolicy.md; sourceTree = "<group>"; };
		F00000000000000000000143 /* WatchtowerInboxStore.swift */ = {isa = PBXFileReference; lastKnownFileType = sourcecode.swift; path = WatchtowerInboxStore.swift; sourceTree = "<group>"; };
		F00000000000000000000144 /* WatchtowerInboxView.swift */ = {isa = PBXFileReference; lastKnownFileType = sourcecode.swift; path = WatchtowerInboxView.swift; sourceTree = "<group>"; };
		F00000000000000000000145 /* DashToast.swift */ = {isa = PBXFileReference; lastKnownFileType = sourcecode.swift; path = DashToast.swift; sourceTree = "<group>"; };
		F00000000000000000000190 /* DeferredDeletion.swift */ = {isa = PBXFileReference; lastKnownFileType = sourcecode.swift; path = DeferredDeletion.swift; sourceTree = "<group>"; };
		F00000000000000000000146 /* WatchtowerIgnoreAllTray.swift */ = {isa = PBXFileReference; lastKnownFileType = sourcecode.swift; path = WatchtowerIgnoreAllTray.swift; sourceTree = "<group>"; };
		F00000000000000000000147 /* DebugView.swift */ = {isa = PBXFileReference; lastKnownFileType = sourcecode.swift; path = DebugView.swift; sourceTree = "<group>"; };
		F00000000000000000000150 /* PerformanceDiagnostics.swift */ = {isa = PBXFileReference; lastKnownFileType = sourcecode.swift; path = PerformanceDiagnostics.swift; sourceTree = "<group>"; };
		F00000000000000000000151 /* WorkerDetailModel.swift */ = {isa = PBXFileReference; lastKnownFileType = sourcecode.swift; path = WorkerDetailModel.swift; sourceTree = "<group>"; };
		F00000000000000000000152 /* FeatureDataCacheTests.swift */ = {isa = PBXFileReference; lastKnownFileType = sourcecode.swift; path = FeatureDataCacheTests.swift; sourceTree = "<group>"; };
		F00000000000000000000153 /* NavigationRuntimeTests.swift */ = {isa = PBXFileReference; lastKnownFileType = sourcecode.swift; path = NavigationRuntimeTests.swift; sourceTree = "<group>"; };
		F00000000000000000000154 /* PagesBuildMonitorTests.swift */ = {isa = PBXFileReference; lastKnownFileType = sourcecode.swift; path = PagesBuildMonitorTests.swift; sourceTree = "<group>"; };
		F00000000000000000000155 /* R2TransferTests.swift */ = {isa = PBXFileReference; lastKnownFileType = sourcecode.swift; path = R2TransferTests.swift; sourceTree = "<group>"; };
		F00000000000000000000156 /* WorkerWatchtowerTests.swift */ = {isa = PBXFileReference; lastKnownFileType = sourcecode.swift; path = WorkerWatchtowerTests.swift; sourceTree = "<group>"; };
		F00000000000000000000157 /* ChartDataTests.swift */ = {isa = PBXFileReference; lastKnownFileType = sourcecode.swift; path = ChartDataTests.swift; sourceTree = "<group>"; };
		F00000000000000000000158 /* MainTabView.swift */ = {isa = PBXFileReference; lastKnownFileType = sourcecode.swift; path = MainTabView.swift; sourceTree = "<group>"; };
		F00000000000000000000159 /* ProfileSettingsViews.swift */ = {isa = PBXFileReference; lastKnownFileType = sourcecode.swift; path = ProfileSettingsViews.swift; sourceTree = "<group>"; };
		F0000000000000000000015A /* ZoneViews.swift */ = {isa = PBXFileReference; lastKnownFileType = sourcecode.swift; path = ZoneViews.swift; sourceTree = "<group>"; };
		F0000000000000000000015B /* WorkerViews.swift */ = {isa = PBXFileReference; lastKnownFileType = sourcecode.swift; path = WorkerViews.swift; sourceTree = "<group>"; };
		F0000000000000000000015C /* ZoneOperationsViews.swift */ = {isa = PBXFileReference; lastKnownFileType = sourcecode.swift; path = ZoneOperationsViews.swift; sourceTree = "<group>"; };
		F0000000000000000000015D /* DashSurfaces.swift */ = {isa = PBXFileReference; lastKnownFileType = sourcecode.swift; path = DashSurfaces.swift; sourceTree = "<group>"; };
		F0000000000000000000015E /* DashControls.swift */ = {isa = PBXFileReference; lastKnownFileType = sourcecode.swift; path = DashControls.swift; sourceTree = "<group>"; };
		F0000000000000000000015F /* DashHeaderScrollChrome.swift */ = {isa = PBXFileReference; lastKnownFileType = sourcecode.swift; path = DashHeaderScrollChrome.swift; sourceTree = "<group>"; };
		F000000000000000000001CE /* DashVariableBlur.swift */ = {isa = PBXFileReference; lastKnownFileType = sourcecode.swift; path = DashVariableBlur.swift; sourceTree = "<group>"; };
		F00000000000000000000160 /* DashFormChrome.swift */ = {isa = PBXFileReference; lastKnownFileType = sourcecode.swift; path = DashFormChrome.swift; sourceTree = "<group>"; };
		F00000000000000000000161 /* DashActionChrome.swift */ = {isa = PBXFileReference; lastKnownFileType = sourcecode.swift; path = DashActionChrome.swift; sourceTree = "<group>"; };
		F00000000000000000000162 /* R2TransferSupport.swift */ = {isa = PBXFileReference; lastKnownFileType = sourcecode.swift; path = R2TransferSupport.swift; sourceTree = "<group>"; };
		F00000000000000000000163 /* MetricsWidgetSnapshot.swift */ = {isa = PBXFileReference; lastKnownFileType = sourcecode.swift; path = MetricsWidgetSnapshot.swift; sourceTree = "<group>"; };
		F00000000000000000000164 /* MetricsWidgetPublishing.swift */ = {isa = PBXFileReference; lastKnownFileType = sourcecode.swift; path = MetricsWidgetPublishing.swift; sourceTree = "<group>"; };
		F00000000000000000000165 /* MetricsWidgets.swift */ = {isa = PBXFileReference; lastKnownFileType = sourcecode.swift; path = MetricsWidgets.swift; sourceTree = "<group>"; };
		F00000000000000000000166 /* MetricsWidgetSnapshotTests.swift */ = {isa = PBXFileReference; lastKnownFileType = sourcecode.swift; path = MetricsWidgetSnapshotTests.swift; sourceTree = "<group>"; };
		F00000000000000000000176 /* AlertRoutingTests.swift */ = {isa = PBXFileReference; lastKnownFileType = sourcecode.swift; path = AlertRoutingTests.swift; sourceTree = "<group>"; };
		F000000000000000000001B4 /* WorkerBuildActivityTests.swift */ = {isa = PBXFileReference; lastKnownFileType = sourcecode.swift; path = WorkerBuildActivityTests.swift; sourceTree = "<group>"; };
		F000000000000000000001B5 /* DeferredDeletionTests.swift */ = {isa = PBXFileReference; lastKnownFileType = sourcecode.swift; path = DeferredDeletionTests.swift; sourceTree = "<group>"; };
		F000000000000000000001B6 /* ICloudPreferencesSync.swift */ = {isa = PBXFileReference; lastKnownFileType = sourcecode.swift; path = ICloudPreferencesSync.swift; sourceTree = "<group>"; };
		F000000000000000000001B7 /* ICloudPreferencesSyncTests.swift */ = {isa = PBXFileReference; lastKnownFileType = sourcecode.swift; path = ICloudPreferencesSyncTests.swift; sourceTree = "<group>"; };
		F000000000000000000001B8 /* EmailRoutingViews.swift */ = {isa = PBXFileReference; lastKnownFileType = sourcecode.swift; path = EmailRoutingViews.swift; sourceTree = "<group>"; };
		F000000000000000000001B9 /* EmailAddressViews.swift */ = {isa = PBXFileReference; lastKnownFileType = sourcecode.swift; path = EmailAddressViews.swift; sourceTree = "<group>"; };
		F000000000000000000001BA /* RegistrarViews.swift */ = {isa = PBXFileReference; lastKnownFileType = sourcecode.swift; path = RegistrarViews.swift; sourceTree = "<group>"; };
		F000000000000000000001BB /* TunnelViews.swift */ = {isa = PBXFileReference; lastKnownFileType = sourcecode.swift; path = TunnelViews.swift; sourceTree = "<group>"; };
		F000000000000000000001BC /* FilesMountView.swift */ = {isa = PBXFileReference; lastKnownFileType = sourcecode.swift; path = FilesMountView.swift; sourceTree = "<group>"; };
		F000000000000000000001BD /* FileProviderDomains.swift */ = {isa = PBXFileReference; lastKnownFileType = sourcecode.swift; path = FileProviderDomains.swift; sourceTree = "<group>"; };
		F000000000000000000001BE /* FileProviderExtension.swift */ = {isa = PBXFileReference; lastKnownFileType = sourcecode.swift; path = FileProviderExtension.swift; sourceTree = "<group>"; };
		F000000000000000000001BF /* R2ItemIdentifier.swift */ = {isa = PBXFileReference; lastKnownFileType = sourcecode.swift; path = R2ItemIdentifier.swift; sourceTree = "<group>"; };
		F000000000000000000001C0 /* R2FileProviderItem.swift */ = {isa = PBXFileReference; lastKnownFileType = sourcecode.swift; path = R2FileProviderItem.swift; sourceTree = "<group>"; };
		F000000000000000000001C1 /* R2Enumerator.swift */ = {isa = PBXFileReference; lastKnownFileType = sourcecode.swift; path = R2Enumerator.swift; sourceTree = "<group>"; };
		F000000000000000000001C2 /* FileProviderErrorMapping.swift */ = {isa = PBXFileReference; lastKnownFileType = sourcecode.swift; path = FileProviderErrorMapping.swift; sourceTree = "<group>"; };
		F000000000000000000001C3 /* Info.plist */ = {isa = PBXFileReference; lastKnownFileType = text.plist.xml; path = Info.plist; sourceTree = "<group>"; };
		F000000000000000000001C4 /* DashFileProvider.entitlements */ = {isa = PBXFileReference; lastKnownFileType = text.plist.entitlements; path = DashFileProvider.entitlements; sourceTree = "<group>"; };
		F000000000000000000001C5 /* PrivacyInfo.xcprivacy */ = {isa = PBXFileReference; lastKnownFileType = text.xml; path = PrivacyInfo.xcprivacy; sourceTree = "<group>"; };
		F000000000000000000001CB /* FileProviderDomainsTests.swift */ = {isa = PBXFileReference; lastKnownFileType = sourcecode.swift; path = FileProviderDomainsTests.swift; sourceTree = "<group>"; };
		F00000000000000000000112 /* DashAuthorizationScopes.swift */ = {isa = PBXFileReference; lastKnownFileType = sourcecode.swift; path = DashAuthorizationScopes.swift; sourceTree = "<group>"; };
		F00000000000000000000114 /* DashWorkspace.swift */ = {isa = PBXFileReference; lastKnownFileType = sourcecode.swift; path = DashWorkspace.swift; sourceTree = "<group>"; };
		F00000000000000000000115 /* WatchtowerTrafficView.swift */ = {isa = PBXFileReference; lastKnownFileType = sourcecode.swift; path = WatchtowerTrafficView.swift; sourceTree = "<group>"; };
		F00000000000000000000116 /* R2ObjectViews.swift */ = {isa = PBXFileReference; lastKnownFileType = sourcecode.swift; path = R2ObjectViews.swift; sourceTree = "<group>"; };
		F00000000000000000000117 /* R2ShareDestination.swift */ = {isa = PBXFileReference; lastKnownFileType = sourcecode.swift; path = R2ShareDestination.swift; sourceTree = "<group>"; };
		F00000000000000000000118 /* ShareViewController.swift */ = {isa = PBXFileReference; lastKnownFileType = sourcecode.swift; path = ShareViewController.swift; sourceTree = "<group>"; };
		F00000000000000000000119 /* Info.plist */ = {isa = PBXFileReference; lastKnownFileType = text.plist.xml; path = Info.plist; sourceTree = "<group>"; };
		F0000000000000000000011A /* DashShare.entitlements */ = {isa = PBXFileReference; lastKnownFileType = text.plist.entitlements; path = DashShare.entitlements; sourceTree = "<group>"; };
		F0000000000000000000012A /* PrivacyInfo.xcprivacy */ = {isa = PBXFileReference; lastKnownFileType = text.xml; path = PrivacyInfo.xcprivacy; sourceTree = "<group>"; };
		F00000000000000000000120 /* NetworkAccessProbe.swift */ = {isa = PBXFileReference; lastKnownFileType = sourcecode.swift; path = NetworkAccessProbe.swift; sourceTree = "<group>"; };
		F00000000000000000000121 /* PagesViews.swift */ = {isa = PBXFileReference; lastKnownFileType = sourcecode.swift; path = PagesViews.swift; sourceTree = "<group>"; };
		F00000000000000000000122 /* PagesBuildActivity.swift */ = {isa = PBXFileReference; lastKnownFileType = sourcecode.swift; path = PagesBuildActivity.swift; sourceTree = "<group>"; };
		F00000000000000000000124 /* PagesBuildActivityController.swift */ = {isa = PBXFileReference; lastKnownFileType = sourcecode.swift; path = PagesBuildActivityController.swift; sourceTree = "<group>"; };
		F00000000000000000000125 /* PushAlertsView.swift */ = {isa = PBXFileReference; lastKnownFileType = sourcecode.swift; path = PushAlertsView.swift; sourceTree = "<group>"; };
		F00000000000000000000126 /* Localizable.xcstrings */ = {isa = PBXFileReference; lastKnownFileType = text.json.xcstrings; path = Localizable.xcstrings; sourceTree = "<group>"; };
/* End PBXFileReference section */

/* Begin PBXFrameworksBuildPhase section */
		D00000000000000000000001 /* Frameworks */ = {
			isa = PBXFrameworksBuildPhase;
			buildActionMask = 2147483647;
			files = (
				B00000000000000000000014 /* CloudflareAPI in Frameworks */,
				B00000000000000000000117 /* GradientAvatars in Frameworks */,
				B00000000000000000000127 /* BlossomColorPickerCore in Frameworks */,
				B00000000000000000000115 /* SwiftDitherKit in Frameworks */,
				B00000000000000000000163 /* SwiftGlobeKit in Frameworks */,
				B00000000000000000000142 /* CodeEditor in Frameworks */,
			);
			runOnlyForDeploymentPostprocessing = 0;
		};
		D00000000000000000000002 /* Frameworks */ = {
			isa = PBXFrameworksBuildPhase;
			buildActionMask = 2147483647;
			files = (
			);
			runOnlyForDeploymentPostprocessing = 0;
		};
		D00000000000000000000003 /* Frameworks */ = {
			isa = PBXFrameworksBuildPhase;
			buildActionMask = 2147483647;
			files = (
			);
			runOnlyForDeploymentPostprocessing = 0;
		};
		D00000000000000000000015 /* Frameworks */ = {
			isa = PBXFrameworksBuildPhase;
			buildActionMask = 2147483647;
			files = (
				B000000000000000000001A4 /* SwiftDitherKit in Frameworks */,
			);
			runOnlyForDeploymentPostprocessing = 0;
		};
		D00000000000000000000019 /* Frameworks */ = {
			isa = PBXFrameworksBuildPhase;
			buildActionMask = 2147483647;
			files = (
				B0000000000000000000011F /* CloudflareAPI in Frameworks */,
			);
			runOnlyForDeploymentPostprocessing = 0;
		};
		D00000000000000000000031 /* Frameworks */ = {
			isa = PBXFrameworksBuildPhase;
			buildActionMask = 2147483647;
			files = (
			);
			runOnlyForDeploymentPostprocessing = 0;
		};
		D00000000000000000000034 /* Frameworks */ = {
			isa = PBXFrameworksBuildPhase;
			buildActionMask = 2147483647;
			files = (
				B000000000000000000001C9 /* CloudflareAPI in Frameworks */,
			);
			runOnlyForDeploymentPostprocessing = 0;
		};
/* End PBXFrameworksBuildPhase section */

/* Begin PBXGroup section */
		5B23A8D52FFB6F8700D18CF0 /* Recovered References */ = {
			isa = PBXGroup;
			children = (
				F00000000000000000000030 /* Base.xcconfig */,
			);
			name = "Recovered References";
			sourceTree = "<group>";
		};
		A00000000000000000000010 = {
			isa = PBXGroup;
			children = (
				A00000000000000000000011 /* Dash */,
				A00000000000000000000012 /* DashTests */,
				A00000000000000000000013 /* DashUITests */,
				A00000000000000000000017 /* DashWidgets */,
				A00000000000000000000019 /* DashShare */,
				A00000000000000000000020 /* DashNotificationService */,
				A00000000000000000000021 /* DashFileProvider */,
				A00000000000000000000014 /* Products */,
				A00000000000000000000015 /* Frameworks */,
				5B23A8D52FFB6F8700D18CF0 /* Recovered References */,
			);
			sourceTree = "<group>";
		};
		A00000000000000000000011 /* Dash */ = {
			isa = PBXGroup;
			children = (
				F00000000000000000000001 /* DashApp.swift */,
				F00000000000000000000002 /* AppConfiguration.swift */,
				F00000000000000000000003 /* KeychainTokenStore.swift */,
				F00000000000000000000004 /* AppModel.swift */,
				F000000000000000000001B6 /* ICloudPreferencesSync.swift */,
				F0000000000000000000012B /* DemoBackend.swift */,
				F00000000000000000000036 /* FeatureDataCache.swift */,
				F00000000000000000000150 /* PerformanceDiagnostics.swift */,
				F00000000000000000000005 /* DashTheme.swift */,
				F000000000000000000001CD /* HoloStickerView.swift */,
				F0000000000000000000015D /* DashSurfaces.swift */,
				F0000000000000000000015E /* DashControls.swift */,
				F00000000000000000000006 /* Catalog.swift */,
				F00000000000000000000007 /* AppRootView.swift */,
				F00000000000000000000158 /* MainTabView.swift */,
				F00000000000000000000159 /* ProfileSettingsViews.swift */,
				F00000000000000000000008 /* HomeView.swift */,
				F00000000000000000000009 /* FeatureCatalogView.swift */,
				F00000000000000000000038 /* ZoneAnalyticsView.swift */,
				F00000000000000000000148 /* WebAnalyticsView.swift */,
				F00000000000000000000039 /* DashDetailTray.swift */,
				F0000000000000000000000A /* WatchtowerView.swift */,
				F00000000000000000000115 /* WatchtowerTrafficView.swift */,
				F0000000000000000000000B /* FeatureViews.swift */,
				F0000000000000000000015A /* ZoneViews.swift */,
				F000000000000000000001B8 /* EmailRoutingViews.swift */,
				F000000000000000000001B9 /* EmailAddressViews.swift */,
				F000000000000000000001BA /* RegistrarViews.swift */,
				F000000000000000000001BB /* TunnelViews.swift */,
				F000000000000000000001BC /* FilesMountView.swift */,
				F000000000000000000001BD /* FileProviderDomains.swift */,
				F0000000000000000000015B /* WorkerViews.swift */,
				F0000000000000000000015C /* ZoneOperationsViews.swift */,
				F00000000000000000000151 /* WorkerDetailModel.swift */,
				F0000000000000000000000C /* StorageViews.swift */,
				F00000000000000000000142 /* KVJSONFormatting.swift */,
				F00000000000000000000140 /* FileTypeIcons.swift */,
				F00000000000000000000141 /* R2ObjectPreview.swift */,
				F00000000000000000000162 /* R2TransferSupport.swift */,
				F00000000000000000000116 /* R2ObjectViews.swift */,
				F00000000000000000000117 /* R2ShareDestination.swift */,
				F00000000000000000000031 /* UserAvatar.swift */,
				F00000000000000000000033 /* WatchtowerModel.swift */,
				F00000000000000000000034 /* SolarIcons.swift */,
				F00000000000000000000035 /* DashChrome.swift */,
				F0000000000000000000015F /* DashHeaderScrollChrome.swift */,
				F000000000000000000001CE /* DashVariableBlur.swift */,
				F00000000000000000000160 /* DashFormChrome.swift */,
				F00000000000000000000161 /* DashActionChrome.swift */,
				F00000000000000000000163 /* MetricsWidgetSnapshot.swift */,
				F00000000000000000000164 /* MetricsWidgetPublishing.swift */,
				F00000000000000000000101 /* Pagination.swift */,
				F00000000000000000000103 /* HomePersistence.swift */,
				F00000000000000000000105 /* DashRoute.swift */,
				F00000000000000000000106 /* DashAppIntents.swift */,
				F00000000000000000000107 /* WatchtowerWidgetSnapshot.swift */,
				F00000000000000000000108 /* WatchtowerNotifications.swift */,
				F0000000000000000000010C /* PushRegistration.swift */,
				F000000000000000000001B2 /* WorkerBuildActivity.swift */,
				F000000000000000000001B1 /* WorkerBuildsSection.swift */,
				F000000000000000000001B0 /* WorkerBuildActivityController.swift */,
				F00000000000000000000174 /* AlertLocalization.swift */,
				F00000000000000000000173 /* ExpiryReminders.swift */,
				F00000000000000000000172 /* ZoneAlertsSection.swift */,
				F00000000000000000000171 /* ZoneAlertSubscriptions.swift */,
				F00000000000000000000170 /* NotificationCategories.swift */,
				F00000000000000000000125 /* PushAlertsView.swift */,
				F00000000000000000000126 /* Localizable.xcstrings */,
				F0000000000000000000010D /* LegalDocumentView.swift */,
				F00000000000000000000143 /* WatchtowerInboxStore.swift */,
				F00000000000000000000144 /* WatchtowerInboxView.swift */,
				F00000000000000000000146 /* WatchtowerIgnoreAllTray.swift */,
				F00000000000000000000147 /* DebugView.swift */,
				F00000000000000000000145 /* DashToast.swift */,
				F00000000000000000000190 /* DeferredDeletion.swift */,
				F00000000000000000000112 /* DashAuthorizationScopes.swift */,
				F00000000000000000000114 /* DashWorkspace.swift */,
				F00000000000000000000120 /* NetworkAccessProbe.swift */,
				F00000000000000000000121 /* PagesViews.swift */,
				F00000000000000000000122 /* PagesBuildActivity.swift */,
				F00000000000000000000124 /* PagesBuildActivityController.swift */,
				F00000000000000000000040 /* LoginGrain.metal */,
				A00000000000000000000016 /* Resources */,
				F0000000000000000000000F /* PrivacyInfo.xcprivacy */,
			);
			path = Dash;
			sourceTree = "<group>";
		};
		A00000000000000000000012 /* DashTests */ = {
			isa = PBXGroup;
			children = (
				F00000000000000000000012 /* DashTests.swift */,
				F00000000000000000000157 /* ChartDataTests.swift */,
				F00000000000000000000152 /* FeatureDataCacheTests.swift */,
				F00000000000000000000153 /* NavigationRuntimeTests.swift */,
				F00000000000000000000154 /* PagesBuildMonitorTests.swift */,
				F00000000000000000000155 /* R2TransferTests.swift */,
				F00000000000000000000156 /* WorkerWatchtowerTests.swift */,
				F00000000000000000000166 /* MetricsWidgetSnapshotTests.swift */,
				F00000000000000000000176 /* AlertRoutingTests.swift */,
				F000000000000000000001B4 /* WorkerBuildActivityTests.swift */,
				F000000000000000000001B5 /* DeferredDeletionTests.swift */,
				F000000000000000000001B7 /* ICloudPreferencesSyncTests.swift */,
				F000000000000000000001CB /* FileProviderDomainsTests.swift */,
			);
			path = DashTests;
			sourceTree = "<group>";
		};
		A00000000000000000000013 /* DashUITests */ = {
			isa = PBXGroup;
			children = (
				F00000000000000000000013 /* DashUITests.swift */,
			);
			path = DashUITests;
			sourceTree = "<group>";
		};
		A00000000000000000000014 /* Products */ = {
			isa = PBXGroup;
			children = (
				F00000000000000000000020 /* Dash.app */,
				F00000000000000000000021 /* DashTests.xctest */,
				F00000000000000000000022 /* DashUITests.xctest */,
				F00000000000000000000023 /* DashWidgets.appex */,
				F00000000000000000000024 /* DashShare.appex */,
				F00000000000000000000025 /* DashNotificationService.appex */,
				F00000000000000000000026 /* DashFileProvider.appex */,
			);
			name = Products;
			sourceTree = "<group>";
		};
		A00000000000000000000015 /* Frameworks */ = {
			isa = PBXGroup;
			children = (
			);
			name = Frameworks;
			sourceTree = "<group>";
		};
		A00000000000000000000016 /* Resources */ = {
			isa = PBXGroup;
			children = (
				F0000000000000000000000E /* Assets.xcassets */,
				5BD28D9B30006EA10012912F /* AppIcon.icon */,
				A00000000000000000000018 /* Legal */,
			);
			path = Resources;
			sourceTree = "<group>";
		};
		A00000000000000000000017 /* DashWidgets */ = {
			isa = PBXGroup;
			children = (
				F00000000000000000000109 /* DashWidgets.swift */,
				F00000000000000000000165 /* MetricsWidgets.swift */,
				F0000000000000000000010A /* Info.plist */,
				F0000000000000000000010B /* DashWidgets.entitlements */,
			);
			path = DashWidgets;
			sourceTree = "<group>";
		};
		A00000000000000000000018 /* Legal */ = {
			isa = PBXGroup;
			children = (
				F0000000000000000000010E /* TermsOfUse.md */,
				F0000000000000000000010F /* PrivacyPolicy.md */,
			);
			path = Legal;
			sourceTree = "<group>";
		};
		A00000000000000000000019 /* DashShare */ = {
			isa = PBXGroup;
			children = (
				F00000000000000000000118 /* ShareViewController.swift */,
				F00000000000000000000119 /* Info.plist */,
				F0000000000000000000011A /* DashShare.entitlements */,
				F0000000000000000000012A /* PrivacyInfo.xcprivacy */,
			);
			path = DashShare;
			sourceTree = "<group>";
		};
		A00000000000000000000020 /* DashNotificationService */ = {
			isa = PBXGroup;
			children = (
				F00000000000000000000180 /* NotificationService.swift */,
				F00000000000000000000181 /* Info.plist */,
				F00000000000000000000182 /* DashNotificationService.entitlements */,
				F00000000000000000000193 /* PrivacyInfo.xcprivacy */,
			);
			path = DashNotificationService;
			sourceTree = "<group>";
		};
		A00000000000000000000021 /* DashFileProvider */ = {
			isa = PBXGroup;
			children = (
				F000000000000000000001BE /* FileProviderExtension.swift */,
				F000000000000000000001BF /* R2ItemIdentifier.swift */,
				F000000000000000000001C0 /* R2FileProviderItem.swift */,
				F000000000000000000001C1 /* R2Enumerator.swift */,
				F000000000000000000001C2 /* FileProviderErrorMapping.swift */,
				F000000000000000000001C3 /* Info.plist */,
				F000000000000000000001C4 /* DashFileProvider.entitlements */,
				F000000000000000000001C5 /* PrivacyInfo.xcprivacy */,
			);
			path = DashFileProvider;
			sourceTree = "<group>";
		};
/* End PBXGroup section */

/* Begin PBXNativeTarget section */
		A00000000000000000000002 /* Dash */ = {
			isa = PBXNativeTarget;
			buildConfigurationList = E00000000000000000000002 /* Build configuration list for PBXNativeTarget "Dash" */;
			buildPhases = (
				D00000000000000000000011 /* Sources */,
				D00000000000000000000001 /* Frameworks */,
				D00000000000000000000021 /* Resources */,
				D00000000000000000000017 /* Embed Foundation Extensions */,
			);
			buildRules = (
			);
			dependencies = (
				C00000000000000000000014 /* PBXTargetDependency */,
				C00000000000000000000016 /* PBXTargetDependency */,
				C00000000000000000000030 /* PBXTargetDependency */,
				C00000000000000000000033 /* PBXTargetDependency */,
			);
			name = Dash;
			packageProductDependencies = (
				P00000000000000000000001 /* CloudflareAPI */,
				P00000000000000000000008 /* GradientAvatars */,
				P0000000000000000000000A /* BlossomColorPickerCore */,
				P00000000000000000000006 /* SwiftDitherKit */,
				P00000000000000000000010 /* SwiftGlobeKit */,
				P0000000000000000000000E /* CodeEditor */,
			);
			productName = Dash;
			productReference = F00000000000000000000020 /* Dash.app */;
			productType = "com.apple.product-type.application";
		};
		A00000000000000000000003 /* DashTests */ = {
			isa = PBXNativeTarget;
			buildConfigurationList = E00000000000000000000003 /* Build configuration list for PBXNativeTarget "DashTests" */;
			buildPhases = (
				D00000000000000000000012 /* Sources */,
				D00000000000000000000002 /* Frameworks */,
				D00000000000000000000022 /* Resources */,
			);
			buildRules = (
			);
			dependencies = (
				C00000000000000000000011 /* PBXTargetDependency */,
			);
			name = DashTests;
			productName = DashTests;
			productReference = F00000000000000000000021 /* DashTests.xctest */;
			productType = "com.apple.product-type.bundle.unit-test";
		};
		A00000000000000000000004 /* DashUITests */ = {
			isa = PBXNativeTarget;
			buildConfigurationList = E00000000000000000000004 /* Build configuration list for PBXNativeTarget "DashUITests" */;
			buildPhases = (
				D00000000000000000000013 /* Sources */,
				D00000000000000000000003 /* Frameworks */,
				D00000000000000000000023 /* Resources */,
			);
			buildRules = (
			);
			dependencies = (
				C00000000000000000000012 /* PBXTargetDependency */,
			);
			name = DashUITests;
			productName = DashUITests;
			productReference = F00000000000000000000022 /* DashUITests.xctest */;
			productType = "com.apple.product-type.bundle.ui-testing";
		};
		A00000000000000000000005 /* DashWidgets */ = {
			isa = PBXNativeTarget;
			buildConfigurationList = E00000000000000000000005 /* Build configuration list for PBXNativeTarget "DashWidgets" */;
			buildPhases = (
				D00000000000000000000014 /* Sources */,
				D00000000000000000000015 /* Frameworks */,
				D00000000000000000000016 /* Resources */,
			);
			buildRules = (
			);
			dependencies = (
			);
			name = DashWidgets;
			packageProductDependencies = (
				P00000000000000000000011 /* SwiftDitherKit */,
			);
			productName = DashWidgets;
			productReference = F00000000000000000000023 /* DashWidgets.appex */;
			productType = "com.apple.product-type.app-extension";
		};
		A00000000000000000000006 /* DashShare */ = {
			isa = PBXNativeTarget;
			buildConfigurationList = E00000000000000000000006 /* Build configuration list for PBXNativeTarget "DashShare" */;
			buildPhases = (
				D00000000000000000000018 /* Sources */,
				D00000000000000000000019 /* Frameworks */,
				D0000000000000000000001A /* Resources */,
			);
			buildRules = (
			);
			dependencies = (
			);
			name = DashShare;
			packageProductDependencies = (
				P00000000000000000000009 /* CloudflareAPI */,
			);
			productName = DashShare;
			productReference = F00000000000000000000024 /* DashShare.appex */;
			productType = "com.apple.product-type.app-extension";
		};
		A00000000000000000000007 /* DashNotificationService */ = {
			isa = PBXNativeTarget;
			buildConfigurationList = E00000000000000000000007 /* Build configuration list for PBXNativeTarget "DashNotificationService" */;
			buildPhases = (
				D00000000000000000000030 /* Sources */,
				D00000000000000000000031 /* Frameworks */,
				D00000000000000000000032 /* Resources */,
			);
			buildRules = (
			);
			dependencies = (
			);
			name = DashNotificationService;
			productName = DashNotificationService;
			productReference = F00000000000000000000025 /* DashNotificationService.appex */;
			productType = "com.apple.product-type.app-extension";
		};
		A00000000000000000000008 /* DashFileProvider */ = {
			isa = PBXNativeTarget;
			buildConfigurationList = E00000000000000000000008 /* Build configuration list for PBXNativeTarget "DashFileProvider" */;
			buildPhases = (
				D00000000000000000000033 /* Sources */,
				D00000000000000000000034 /* Frameworks */,
				D00000000000000000000035 /* Resources */,
			);
			buildRules = (
			);
			dependencies = (
			);
			name = DashFileProvider;
			packageProductDependencies = (
				P00000000000000000000012 /* CloudflareAPI */,
			);
			productName = DashFileProvider;
			productReference = F00000000000000000000026 /* DashFileProvider.appex */;
			productType = "com.apple.product-type.app-extension";
		};
/* End PBXNativeTarget section */

/* Begin PBXProject section */
		A00000000000000000000001 /* Project object */ = {
			isa = PBXProject;
			attributes = {
				BuildIndependentTargetsInParallel = 1;
				LastSwiftUpdateCheck = 2640;
				LastUpgradeCheck = 2640;
				TargetAttributes = {
					A00000000000000000000002 = {
						CreatedOnToolsVersion = 26.4;
						SystemCapabilities = {
							com.apple.iCloud = {
								enabled = 1;
							};
						};
					};
					A00000000000000000000003 = {
						CreatedOnToolsVersion = 26.4;
						TestTargetID = A00000000000000000000002;
					};
					A00000000000000000000004 = {
						CreatedOnToolsVersion = 26.4;
						TestTargetID = A00000000000000000000002;
					};
					A00000000000000000000005 = {
						CreatedOnToolsVersion = 26.4;
					};
					A00000000000000000000006 = {
						CreatedOnToolsVersion = 26.4;
					};
					A00000000000000000000008 = {
						CreatedOnToolsVersion = 26.4;
					};
				};
			};
			buildConfigurationList = E00000000000000000000001 /* Build configuration list for PBXProject "Dash" */;
			compatibilityVersion = "Xcode 16.0";
			developmentRegion = en;
			hasScannedForEncodings = 0;
			knownRegions = (
				en,
				Base,
				"zh-Hans",
			);
			mainGroup = A00000000000000000000010;
			packageReferences = (
				P00000000000000000000002 /* XCLocalSwiftPackageReference "../../packages/cloudflare-api" */,
				P00000000000000000000007 /* XCLocalSwiftPackageReference "../../packages/gradient-avatars" */,
				P0000000000000000000000B /* XCLocalSwiftPackageReference "../../packages/BlossomColorPicker" */,
				P0000000000000000000000C /* XCLocalSwiftPackageReference "../../packages/SwiftDitherKit" */,
				P0000000000000000000000F /* XCLocalSwiftPackageReference "../../packages/SwiftGlobeKit" */,
				P0000000000000000000000D /* XCRemoteSwiftPackageReference "CodeEditor" */,
			);
			productRefGroup = A00000000000000000000014 /* Products */;
			projectDirPath = "";
			projectRoot = "";
			targets = (
				A00000000000000000000002 /* Dash */,
				A00000000000000000000005 /* DashWidgets */,
				A00000000000000000000006 /* DashShare */,
				A00000000000000000000007 /* DashNotificationService */,
				A00000000000000000000008 /* DashFileProvider */,
				A00000000000000000000003 /* DashTests */,
				A00000000000000000000004 /* DashUITests */,
			);
		};
/* End PBXProject section */

/* Begin PBXResourcesBuildPhase section */
		D00000000000000000000016 /* Resources */ = {
			isa = PBXResourcesBuildPhase;
			buildActionMask = 2147483647;
			files = (
				B00000000000000000000191 /* Localizable.xcstrings in Resources */,
			);
			runOnlyForDeploymentPostprocessing = 0;
		};
		D0000000000000000000001A /* Resources */ = {
			isa = PBXResourcesBuildPhase;
			buildActionMask = 2147483647;
			files = (
				B00000000000000000000192 /* Localizable.xcstrings in Resources */,
				B0000000000000000000012A /* PrivacyInfo.xcprivacy in Resources */,
			);
			runOnlyForDeploymentPostprocessing = 0;
		};
		D00000000000000000000021 /* Resources */ = {
			isa = PBXResourcesBuildPhase;
			buildActionMask = 2147483647;
			files = (
				B0000000000000000000000E /* Assets.xcassets in Resources */,
				5BD28D9C30006EA10012912F /* AppIcon.icon in Resources */,
				B0000000000000000000000F /* PrivacyInfo.xcprivacy in Resources */,
				B00000000000000000000126 /* Localizable.xcstrings in Resources */,
				B0000000000000000000010E /* TermsOfUse.md in Resources */,
				B0000000000000000000010F /* PrivacyPolicy.md in Resources */,
			);
			runOnlyForDeploymentPostprocessing = 0;
		};
		D00000000000000000000022 /* Resources */ = {
			isa = PBXResourcesBuildPhase;
			buildActionMask = 2147483647;
			files = (
			);
			runOnlyForDeploymentPostprocessing = 0;
		};
		D00000000000000000000023 /* Resources */ = {
			isa = PBXResourcesBuildPhase;
			buildActionMask = 2147483647;
			files = (
			);
			runOnlyForDeploymentPostprocessing = 0;
		};
		D00000000000000000000032 /* Resources */ = {
			isa = PBXResourcesBuildPhase;
			buildActionMask = 2147483647;
			files = (
				B00000000000000000000183 /* Localizable.xcstrings in Resources */,
				B00000000000000000000193 /* PrivacyInfo.xcprivacy in Resources */,
			);
			runOnlyForDeploymentPostprocessing = 0;
		};
		D00000000000000000000035 /* Resources */ = {
			isa = PBXResourcesBuildPhase;
			buildActionMask = 2147483647;
			files = (
				B000000000000000000001C7 /* Localizable.xcstrings in Resources */,
				B000000000000000000001C8 /* PrivacyInfo.xcprivacy in Resources */,
			);
			runOnlyForDeploymentPostprocessing = 0;
		};
/* End PBXResourcesBuildPhase section */

/* Begin PBXSourcesBuildPhase section */
		D00000000000000000000011 /* Sources */ = {
			isa = PBXSourcesBuildPhase;
			buildActionMask = 2147483647;
			files = (
				B00000000000000000000001 /* DashApp.swift in Sources */,
				B00000000000000000000002 /* AppConfiguration.swift in Sources */,
				B00000000000000000000003 /* KeychainTokenStore.swift in Sources */,
				B00000000000000000000004 /* AppModel.swift in Sources */,
				B000000000000000000001B6 /* ICloudPreferencesSync.swift in Sources */,
				B0000000000000000000012B /* DemoBackend.swift in Sources */,
				B00000000000000000000150 /* PerformanceDiagnostics.swift in Sources */,
				B00000000000000000000005 /* DashTheme.swift in Sources */,
				B000000000000000000001CD /* HoloStickerView.swift in Sources */,
				B0000000000000000000015D /* DashSurfaces.swift in Sources */,
				B0000000000000000000015E /* DashControls.swift in Sources */,
				B00000000000000000000006 /* Catalog.swift in Sources */,
				B00000000000000000000007 /* AppRootView.swift in Sources */,
				B00000000000000000000158 /* MainTabView.swift in Sources */,
				B00000000000000000000159 /* ProfileSettingsViews.swift in Sources */,
				B00000000000000000000008 /* HomeView.swift in Sources */,
				B00000000000000000000009 /* FeatureCatalogView.swift in Sources */,
				B0000000000000000000001C /* ZoneAnalyticsView.swift in Sources */,
				B00000000000000000000149 /* WebAnalyticsView.swift in Sources */,
				B0000000000000000000001D /* DashDetailTray.swift in Sources */,
				B0000000000000000000000A /* WatchtowerView.swift in Sources */,
				B0000000000000000000000B /* FeatureViews.swift in Sources */,
				B0000000000000000000015A /* ZoneViews.swift in Sources */,
				B000000000000000000001B8 /* EmailRoutingViews.swift in Sources */,
				B000000000000000000001B9 /* EmailAddressViews.swift in Sources */,
				B000000000000000000001BA /* RegistrarViews.swift in Sources */,
				B000000000000000000001BB /* TunnelViews.swift in Sources */,
				B000000000000000000001BC /* FilesMountView.swift in Sources */,
				B000000000000000000001BD /* FileProviderDomains.swift in Sources */,
				B0000000000000000000015B /* WorkerViews.swift in Sources */,
				B0000000000000000000015C /* ZoneOperationsViews.swift in Sources */,
				B00000000000000000000151 /* WorkerDetailModel.swift in Sources */,
				B0000000000000000000000C /* StorageViews.swift in Sources */,
				B00000000000000000000143 /* KVJSONFormatting.swift in Sources */,
				B00000000000000000000140 /* FileTypeIcons.swift in Sources */,
				B00000000000000000000141 /* R2ObjectPreview.swift in Sources */,
				B00000000000000000000162 /* R2TransferSupport.swift in Sources */,
				B00000000000000000000118 /* R2ObjectViews.swift in Sources */,
				B00000000000000000000015 /* UserAvatar.swift in Sources */,
				B00000000000000000000017 /* WatchtowerModel.swift in Sources */,
				B00000000000000000000018 /* SolarIcons.swift in Sources */,
				B00000000000000000000019 /* DashChrome.swift in Sources */,
				B0000000000000000000015F /* DashHeaderScrollChrome.swift in Sources */,
				B000000000000000000001CE /* DashVariableBlur.swift in Sources */,
				B00000000000000000000160 /* DashFormChrome.swift in Sources */,
				B00000000000000000000161 /* DashActionChrome.swift in Sources */,
				B000000000000000000001A0 /* MetricsWidgetSnapshot.swift in Sources */,
				B000000000000000000001A1 /* MetricsWidgetPublishing.swift in Sources */,
				B0000000000000000000001A /* FeatureDataCache.swift in Sources */,
				B00000000000000000000101 /* Pagination.swift in Sources */,
				B00000000000000000000103 /* HomePersistence.swift in Sources */,
				B00000000000000000000105 /* DashRoute.swift in Sources */,
				B00000000000000000000106 /* DashAppIntents.swift in Sources */,
				B00000000000000000000107 /* WatchtowerWidgetSnapshot.swift in Sources */,
				B00000000000000000000108 /* WatchtowerNotifications.swift in Sources */,
				B0000000000000000000010C /* PushRegistration.swift in Sources */,
				B000000000000000000001B2 /* WorkerBuildActivity.swift in Sources */,
				B000000000000000000001B1 /* WorkerBuildsSection.swift in Sources */,
				B000000000000000000001B0 /* WorkerBuildActivityController.swift in Sources */,
				B00000000000000000000174 /* AlertLocalization.swift in Sources */,
				B00000000000000000000173 /* ExpiryReminders.swift in Sources */,
				B00000000000000000000172 /* ZoneAlertsSection.swift in Sources */,
				B00000000000000000000171 /* ZoneAlertSubscriptions.swift in Sources */,
				B00000000000000000000170 /* NotificationCategories.swift in Sources */,
				B00000000000000000000125 /* PushAlertsView.swift in Sources */,
				B0000000000000000000010D /* LegalDocumentView.swift in Sources */,
				B00000000000000000000144 /* WatchtowerInboxStore.swift in Sources */,
				B00000000000000000000145 /* WatchtowerInboxView.swift in Sources */,
				B00000000000000000000147 /* WatchtowerIgnoreAllTray.swift in Sources */,
				B00000000000000000000148 /* DebugView.swift in Sources */,
				B00000000000000000000146 /* DashToast.swift in Sources */,
				B00000000000000000000190 /* DeferredDeletion.swift in Sources */,
				B00000000000000000000112 /* DashAuthorizationScopes.swift in Sources */,
				B00000000000000000000114 /* DashWorkspace.swift in Sources */,
				B00000000000000000000120 /* NetworkAccessProbe.swift in Sources */,
				B00000000000000000000121 /* PagesViews.swift in Sources */,
				B00000000000000000000122 /* PagesBuildActivity.swift in Sources */,
				B00000000000000000000124 /* PagesBuildActivityController.swift in Sources */,
				B00000000000000000000116 /* WatchtowerTrafficView.swift in Sources */,
				B00000000000000000000119 /* R2ShareDestination.swift in Sources */,
				B00000000000000000000024 /* LoginGrain.metal in Sources */,
			);
			runOnlyForDeploymentPostprocessing = 0;
		};
		D00000000000000000000012 /* Sources */ = {
			isa = PBXSourcesBuildPhase;
			buildActionMask = 2147483647;
			files = (
				B00000000000000000000012 /* DashTests.swift in Sources */,
				B00000000000000000000157 /* ChartDataTests.swift in Sources */,
				B00000000000000000000152 /* FeatureDataCacheTests.swift in Sources */,
				B00000000000000000000153 /* NavigationRuntimeTests.swift in Sources */,
				B00000000000000000000154 /* PagesBuildMonitorTests.swift in Sources */,
				B00000000000000000000155 /* R2TransferTests.swift in Sources */,
				B00000000000000000000156 /* WorkerWatchtowerTests.swift in Sources */,
				B000000000000000000001A5 /* MetricsWidgetSnapshotTests.swift in Sources */,
				B00000000000000000000176 /* AlertRoutingTests.swift in Sources */,
				B000000000000000000001CB /* FileProviderDomainsTests.swift in Sources */,
				B000000000000000000001CC /* R2ItemIdentifier.swift in Sources */,
				B000000000000000000001B4 /* WorkerBuildActivityTests.swift in Sources */,
				B000000000000000000001B5 /* DeferredDeletionTests.swift in Sources */,
				B000000000000000000001B7 /* ICloudPreferencesSyncTests.swift in Sources */,
			);
			runOnlyForDeploymentPostprocessing = 0;
		};
		D00000000000000000000013 /* Sources */ = {
			isa = PBXSourcesBuildPhase;
			buildActionMask = 2147483647;
			files = (
				B00000000000000000000013 /* DashUITests.swift in Sources */,
			);
			runOnlyForDeploymentPostprocessing = 0;
		};
		D00000000000000000000014 /* Sources */ = {
			isa = PBXSourcesBuildPhase;
			buildActionMask = 2147483647;
			files = (
				B00000000000000000000109 /* DashWidgets.swift in Sources */,
				B000000000000000000001A2 /* MetricsWidgets.swift in Sources */,
				B000000000000000000001A3 /* MetricsWidgetSnapshot.swift in Sources */,
				B0000000000000000000010A /* WatchtowerWidgetSnapshot.swift in Sources */,
				B00000000000000000000123 /* PagesBuildActivity.swift in Sources */,
				B000000000000000000001B3 /* WorkerBuildActivity.swift in Sources */,
			);
			runOnlyForDeploymentPostprocessing = 0;
		};
		D00000000000000000000018 /* Sources */ = {
			isa = PBXSourcesBuildPhase;
			buildActionMask = 2147483647;
			files = (
				B0000000000000000000011A /* ShareViewController.swift in Sources */,
				B0000000000000000000011B /* R2ShareDestination.swift in Sources */,
				B0000000000000000000011C /* KeychainTokenStore.swift in Sources */,
				B0000000000000000000011D /* AppConfiguration.swift in Sources */,
			);
			runOnlyForDeploymentPostprocessing = 0;
		};
		D00000000000000000000030 /* Sources */ = {
			isa = PBXSourcesBuildPhase;
			buildActionMask = 2147483647;
			files = (
				B00000000000000000000180 /* NotificationService.swift in Sources */,
				B00000000000000000000181 /* AlertLocalization.swift in Sources */,
			);
			runOnlyForDeploymentPostprocessing = 0;
		};
		D00000000000000000000033 /* Sources */ = {
			isa = PBXSourcesBuildPhase;
			buildActionMask = 2147483647;
			files = (
				B000000000000000000001BE /* FileProviderExtension.swift in Sources */,
				B000000000000000000001BF /* R2ItemIdentifier.swift in Sources */,
				B000000000000000000001C0 /* R2FileProviderItem.swift in Sources */,
				B000000000000000000001C1 /* R2Enumerator.swift in Sources */,
				B000000000000000000001C2 /* FileProviderErrorMapping.swift in Sources */,
				B000000000000000000001C3 /* KeychainTokenStore.swift in Sources */,
				B000000000000000000001C4 /* AppConfiguration.swift in Sources */,
				B000000000000000000001C5 /* R2ShareDestination.swift in Sources */,
				B000000000000000000001C6 /* R2TransferSupport.swift in Sources */,
			);
			runOnlyForDeploymentPostprocessing = 0;
		};
/* End PBXSourcesBuildPhase section */

/* Begin PBXTargetDependency section */
		C00000000000000000000011 /* PBXTargetDependency */ = {
			isa = PBXTargetDependency;
			target = A00000000000000000000002 /* Dash */;
			targetProxy = C00000000000000000000001 /* PBXContainerItemProxy */;
		};
		C00000000000000000000012 /* PBXTargetDependency */ = {
			isa = PBXTargetDependency;
			target = A00000000000000000000002 /* Dash */;
			targetProxy = C00000000000000000000001 /* PBXContainerItemProxy */;
		};
		C00000000000000000000014 /* PBXTargetDependency */ = {
			isa = PBXTargetDependency;
			target = A00000000000000000000005 /* DashWidgets */;
			targetProxy = C00000000000000000000013 /* PBXContainerItemProxy */;
		};
		C00000000000000000000016 /* PBXTargetDependency */ = {
			isa = PBXTargetDependency;
			target = A00000000000000000000006 /* DashShare */;
			targetProxy = C00000000000000000000015 /* PBXContainerItemProxy */;
		};
		C00000000000000000000030 /* PBXTargetDependency */ = {
			isa = PBXTargetDependency;
			target = A00000000000000000000007 /* DashNotificationService */;
			targetProxy = C00000000000000000000031 /* PBXContainerItemProxy */;
		};
		C00000000000000000000033 /* PBXTargetDependency */ = {
			isa = PBXTargetDependency;
			target = A00000000000000000000008 /* DashFileProvider */;
			targetProxy = C00000000000000000000032 /* PBXContainerItemProxy */;
		};
/* End PBXTargetDependency section */

/* Begin XCBuildConfiguration section */
		E00000000000000000000011 /* Debug */ = {
			isa = XCBuildConfiguration;
			buildSettings = {
				CLANG_ENABLE_MODULES = YES;
				ENABLE_DEBUG_DYLIB = NO;
				ENABLE_TESTABILITY = YES;
				ONLY_ACTIVE_ARCH = YES;
				SWIFT_ACTIVE_COMPILATION_CONDITIONS = DEBUG;
				SWIFT_OPTIMIZATION_LEVEL = "-Onone";
				SWIFT_STRICT_CONCURRENCY = complete;
			};
			name = Debug;
		};
		E00000000000000000000012 /* Release */ = {
			isa = XCBuildConfiguration;
			buildSettings = {
				CLANG_ENABLE_MODULES = YES;
				SWIFT_COMPILATION_MODE = wholemodule;
				SWIFT_OPTIMIZATION_LEVEL = "-O";
			};
			name = Release;
		};
		E00000000000000000000021 /* Debug */ = {
			isa = XCBuildConfiguration;
			baseConfigurationReference = F00000000000000000000030 /* Base.xcconfig */;
			buildSettings = {
				ASSETCATALOG_COMPILER_APPICON_NAME = AppIcon;
				ASSETCATALOG_COMPILER_INCLUDE_ALL_APPICON_ASSETS = NO;
				CODE_SIGN_ENTITLEMENTS = Dash/Dash.entitlements;
				CODE_SIGN_STYLE = Automatic;
				COPY_PHASE_STRIP = NO;
				DEVELOPMENT_TEAM = UH4FQTHMG2;
				GENERATE_INFOPLIST_FILE = NO;
				INFOPLIST_FILE = Dash/Info.plist;
				INFOPLIST_KEY_CFBundleDisplayName = Dash;
				INFOPLIST_KEY_LSApplicationCategoryType = "public.app-category.developer-tools";
				PRODUCT_NAME = Dash;
				SDKROOT = iphoneos;
				SUPPORTED_PLATFORMS = "iphoneos iphonesimulator";
				SUPPORTS_MACCATALYST = NO;
				SUPPORTS_MAC_DESIGNED_FOR_IPHONE_IPAD = NO;
				SUPPORTS_XR_DESIGNED_FOR_IPHONE_IPAD = NO;
				TARGETED_DEVICE_FAMILY = 1;
			};
			name = Debug;
		};
		E00000000000000000000022 /* Release */ = {
			isa = XCBuildConfiguration;
			baseConfigurationReference = F00000000000000000000030 /* Base.xcconfig */;
			buildSettings = {
				ASSETCATALOG_COMPILER_APPICON_NAME = AppIcon;
				ASSETCATALOG_COMPILER_INCLUDE_ALL_APPICON_ASSETS = NO;
				CODE_SIGN_ENTITLEMENTS = Dash/Dash.entitlements;
				CODE_SIGN_STYLE = Automatic;
				COPY_PHASE_STRIP = NO;
				DEVELOPMENT_TEAM = UH4FQTHMG2;
				GENERATE_INFOPLIST_FILE = NO;
				INFOPLIST_FILE = Dash/Info.plist;
				INFOPLIST_KEY_CFBundleDisplayName = Dash;
				INFOPLIST_KEY_LSApplicationCategoryType = "public.app-category.developer-tools";
				PRODUCT_NAME = Dash;
				SDKROOT = iphoneos;
				SUPPORTED_PLATFORMS = "iphoneos iphonesimulator";
				SUPPORTS_MACCATALYST = NO;
				SUPPORTS_MAC_DESIGNED_FOR_IPHONE_IPAD = NO;
				SUPPORTS_XR_DESIGNED_FOR_IPHONE_IPAD = NO;
				TARGETED_DEVICE_FAMILY = 1;
			};
			name = Release;
		};
		E00000000000000000000031 /* Debug */ = {
			isa = XCBuildConfiguration;
			buildSettings = {
				BUNDLE_LOADER = "$(TEST_HOST)";
				CODE_SIGN_STYLE = Automatic;
				DEVELOPMENT_TEAM = UH4FQTHMG2;
				GENERATE_INFOPLIST_FILE = YES;
				IPHONEOS_DEPLOYMENT_TARGET = 17.0;
				PRODUCT_BUNDLE_IDENTIFIER = sh.xat.dash.app.tests;
				PRODUCT_NAME = "$(TARGET_NAME)";
				SDKROOT = iphoneos;
				SUPPORTED_PLATFORMS = "iphoneos iphonesimulator";
				SWIFT_VERSION = 6.0;
				TARGETED_DEVICE_FAMILY = 1;
				TEST_HOST = "$(BUILT_PRODUCTS_DIR)/Dash.app/Dash";
			};
			name = Debug;
		};
		E00000000000000000000032 /* Release */ = {
			isa = XCBuildConfiguration;
			buildSettings = {
				BUNDLE_LOADER = "$(TEST_HOST)";
				CODE_SIGN_STYLE = Automatic;
				DEVELOPMENT_TEAM = UH4FQTHMG2;
				GENERATE_INFOPLIST_FILE = YES;
				IPHONEOS_DEPLOYMENT_TARGET = 17.0;
				PRODUCT_BUNDLE_IDENTIFIER = sh.xat.dash.app.tests;
				PRODUCT_NAME = "$(TARGET_NAME)";
				SDKROOT = iphoneos;
				SUPPORTED_PLATFORMS = "iphoneos iphonesimulator";
				SWIFT_VERSION = 6.0;
				TARGETED_DEVICE_FAMILY = 1;
				TEST_HOST = "$(BUILT_PRODUCTS_DIR)/Dash.app/Dash";
			};
			name = Release;
		};
		E00000000000000000000041 /* Debug */ = {
			isa = XCBuildConfiguration;
			buildSettings = {
				CODE_SIGN_STYLE = Automatic;
				DEVELOPMENT_TEAM = UH4FQTHMG2;
				GENERATE_INFOPLIST_FILE = YES;
				IPHONEOS_DEPLOYMENT_TARGET = 17.0;
				PRODUCT_BUNDLE_IDENTIFIER = sh.xat.dash.app.uitests;
				PRODUCT_NAME = "$(TARGET_NAME)";
				SDKROOT = iphoneos;
				SUPPORTED_PLATFORMS = "iphoneos iphonesimulator";
				SWIFT_VERSION = 6.0;
				TARGETED_DEVICE_FAMILY = 1;
				TEST_TARGET_NAME = Dash;
			};
			name = Debug;
		};
		E00000000000000000000042 /* Release */ = {
			isa = XCBuildConfiguration;
			buildSettings = {
				CODE_SIGN_STYLE = Automatic;
				DEVELOPMENT_TEAM = UH4FQTHMG2;
				GENERATE_INFOPLIST_FILE = YES;
				IPHONEOS_DEPLOYMENT_TARGET = 17.0;
				PRODUCT_BUNDLE_IDENTIFIER = sh.xat.dash.app.uitests;
				PRODUCT_NAME = "$(TARGET_NAME)";
				SDKROOT = iphoneos;
				SUPPORTED_PLATFORMS = "iphoneos iphonesimulator";
				SWIFT_VERSION = 6.0;
				TARGETED_DEVICE_FAMILY = 1;
				TEST_TARGET_NAME = Dash;
			};
			name = Release;
		};
		E00000000000000000000051 /* Debug */ = {
			isa = XCBuildConfiguration;
			baseConfigurationReference = F00000000000000000000030 /* Base.xcconfig */;
			buildSettings = {
				CODE_SIGN_ENTITLEMENTS = DashWidgets/DashWidgets.entitlements;
				CODE_SIGN_STYLE = Automatic;
				DEVELOPMENT_TEAM = UH4FQTHMG2;
				GENERATE_INFOPLIST_FILE = YES;
				INFOPLIST_FILE = DashWidgets/Info.plist;
				INFOPLIST_KEY_CFBundleDisplayName = Dash;
				LD_RUNPATH_SEARCH_PATHS = (
					"$(inherited)",
					"@executable_path/Frameworks",
					"@executable_path/../../Frameworks",
				);
				PRODUCT_BUNDLE_IDENTIFIER = sh.xat.dash.app.widgets;
				PRODUCT_NAME = "$(TARGET_NAME)";
				SDKROOT = iphoneos;
				SKIP_INSTALL = YES;
				SUPPORTED_PLATFORMS = "iphoneos iphonesimulator";
				SWIFT_VERSION = 6.0;
				TARGETED_DEVICE_FAMILY = 1;
			};
			name = Debug;
		};
		E00000000000000000000052 /* Release */ = {
			isa = XCBuildConfiguration;
			baseConfigurationReference = F00000000000000000000030 /* Base.xcconfig */;
			buildSettings = {
				CODE_SIGN_ENTITLEMENTS = DashWidgets/DashWidgets.entitlements;
				CODE_SIGN_STYLE = Automatic;
				DEVELOPMENT_TEAM = UH4FQTHMG2;
				GENERATE_INFOPLIST_FILE = YES;
				INFOPLIST_FILE = DashWidgets/Info.plist;
				INFOPLIST_KEY_CFBundleDisplayName = Dash;
				LD_RUNPATH_SEARCH_PATHS = (
					"$(inherited)",
					"@executable_path/Frameworks",
					"@executable_path/../../Frameworks",
				);
				PRODUCT_BUNDLE_IDENTIFIER = sh.xat.dash.app.widgets;
				PRODUCT_NAME = "$(TARGET_NAME)";
				SDKROOT = iphoneos;
				SKIP_INSTALL = YES;
				SUPPORTED_PLATFORMS = "iphoneos iphonesimulator";
				SWIFT_VERSION = 6.0;
				TARGETED_DEVICE_FAMILY = 1;
			};
			name = Release;
		};
		E00000000000000000000061 /* Debug */ = {
			isa = XCBuildConfiguration;
			baseConfigurationReference = F00000000000000000000030 /* Base.xcconfig */;
			buildSettings = {
				CODE_SIGN_ENTITLEMENTS = DashShare/DashShare.entitlements;
				CODE_SIGN_STYLE = Automatic;
				DASH_KEYCHAIN_ACCESS_GROUP = "$(AppIdentifierPrefix)sh.xat.dash.app";
				DEVELOPMENT_TEAM = UH4FQTHMG2;
				GENERATE_INFOPLIST_FILE = YES;
				INFOPLIST_FILE = DashShare/Info.plist;
				INFOPLIST_KEY_CFBundleDisplayName = Dash;
				LD_RUNPATH_SEARCH_PATHS = (
					"$(inherited)",
					"@executable_path/Frameworks",
					"@executable_path/../../Frameworks",
				);
				LM_SKIP_METADATA_EXTRACTION = YES;
				PRODUCT_BUNDLE_IDENTIFIER = sh.xat.dash.app.share;
				PRODUCT_NAME = "$(TARGET_NAME)";
				SDKROOT = iphoneos;
				SKIP_INSTALL = YES;
				SUPPORTED_PLATFORMS = "iphoneos iphonesimulator";
				SWIFT_VERSION = 6.0;
				TARGETED_DEVICE_FAMILY = 1;
			};
			name = Debug;
		};
		E00000000000000000000062 /* Release */ = {
			isa = XCBuildConfiguration;
			baseConfigurationReference = F00000000000000000000030 /* Base.xcconfig */;
			buildSettings = {
				CODE_SIGN_ENTITLEMENTS = DashShare/DashShare.entitlements;
				CODE_SIGN_STYLE = Automatic;
				DASH_KEYCHAIN_ACCESS_GROUP = "$(AppIdentifierPrefix)sh.xat.dash.app";
				DEVELOPMENT_TEAM = UH4FQTHMG2;
				GENERATE_INFOPLIST_FILE = YES;
				INFOPLIST_FILE = DashShare/Info.plist;
				INFOPLIST_KEY_CFBundleDisplayName = Dash;
				LD_RUNPATH_SEARCH_PATHS = (
					"$(inherited)",
					"@executable_path/Frameworks",
					"@executable_path/../../Frameworks",
				);
				LM_SKIP_METADATA_EXTRACTION = YES;
				PRODUCT_BUNDLE_IDENTIFIER = sh.xat.dash.app.share;
				PRODUCT_NAME = "$(TARGET_NAME)";
				SDKROOT = iphoneos;
				SKIP_INSTALL = YES;
				SUPPORTED_PLATFORMS = "iphoneos iphonesimulator";
				SWIFT_VERSION = 6.0;
				TARGETED_DEVICE_FAMILY = 1;
			};
			name = Release;
		};
		E00000000000000000000071 /* Debug */ = {
			isa = XCBuildConfiguration;
			baseConfigurationReference = F00000000000000000000030 /* Base.xcconfig */;
			buildSettings = {
				CODE_SIGN_ENTITLEMENTS = DashNotificationService/DashNotificationService.entitlements;
				CODE_SIGN_STYLE = Automatic;
				DEVELOPMENT_TEAM = UH4FQTHMG2;
				GENERATE_INFOPLIST_FILE = YES;
				INFOPLIST_FILE = DashNotificationService/Info.plist;
				INFOPLIST_KEY_CFBundleDisplayName = Dash;
				LD_RUNPATH_SEARCH_PATHS = (
					"$(inherited)",
					"@executable_path/Frameworks",
					"@executable_path/../../Frameworks",
				);
				LM_SKIP_METADATA_EXTRACTION = YES;
				PRODUCT_BUNDLE_IDENTIFIER = sh.xat.dash.app.notification-service;
				PRODUCT_NAME = "$(TARGET_NAME)";
				SDKROOT = iphoneos;
				SKIP_INSTALL = YES;
				SUPPORTED_PLATFORMS = "iphoneos iphonesimulator";
				SWIFT_VERSION = 6.0;
				TARGETED_DEVICE_FAMILY = 1;
			};
			name = Debug;
		};
		E00000000000000000000072 /* Release */ = {
			isa = XCBuildConfiguration;
			baseConfigurationReference = F00000000000000000000030 /* Base.xcconfig */;
			buildSettings = {
				CODE_SIGN_ENTITLEMENTS = DashNotificationService/DashNotificationService.entitlements;
				CODE_SIGN_STYLE = Automatic;
				DEVELOPMENT_TEAM = UH4FQTHMG2;
				GENERATE_INFOPLIST_FILE = YES;
				INFOPLIST_FILE = DashNotificationService/Info.plist;
				INFOPLIST_KEY_CFBundleDisplayName = Dash;
				LD_RUNPATH_SEARCH_PATHS = (
					"$(inherited)",
					"@executable_path/Frameworks",
					"@executable_path/../../Frameworks",
				);
				LM_SKIP_METADATA_EXTRACTION = YES;
				PRODUCT_BUNDLE_IDENTIFIER = sh.xat.dash.app.notification-service;
				PRODUCT_NAME = "$(TARGET_NAME)";
				SDKROOT = iphoneos;
				SKIP_INSTALL = YES;
				SUPPORTED_PLATFORMS = "iphoneos iphonesimulator";
				SWIFT_VERSION = 6.0;
				TARGETED_DEVICE_FAMILY = 1;
			};
			name = Release;
		};
		E00000000000000000000081 /* Debug */ = {
			isa = XCBuildConfiguration;
			baseConfigurationReference = F00000000000000000000030 /* Base.xcconfig */;
			buildSettings = {
				APPLICATION_EXTENSION_API_ONLY = YES;
				CODE_SIGN_ENTITLEMENTS = DashFileProvider/DashFileProvider.entitlements;
				CODE_SIGN_STYLE = Automatic;
				DASH_KEYCHAIN_ACCESS_GROUP = "$(AppIdentifierPrefix)sh.xat.dash.app";
				DEVELOPMENT_TEAM = UH4FQTHMG2;
				GENERATE_INFOPLIST_FILE = YES;
				INFOPLIST_FILE = DashFileProvider/Info.plist;
				INFOPLIST_KEY_CFBundleDisplayName = Dash;
				LD_RUNPATH_SEARCH_PATHS = (
					"$(inherited)",
					"@executable_path/Frameworks",
					"@executable_path/../../Frameworks",
				);
				LM_SKIP_METADATA_EXTRACTION = YES;
				PRODUCT_BUNDLE_IDENTIFIER = sh.xat.dash.app.file-provider;
				PRODUCT_NAME = "$(TARGET_NAME)";
				SDKROOT = iphoneos;
				SKIP_INSTALL = YES;
				SUPPORTED_PLATFORMS = "iphoneos iphonesimulator";
				SWIFT_VERSION = 6.0;
				TARGETED_DEVICE_FAMILY = 1;
			};
			name = Debug;
		};
		E00000000000000000000082 /* Release */ = {
			isa = XCBuildConfiguration;
			baseConfigurationReference = F00000000000000000000030 /* Base.xcconfig */;
			buildSettings = {
				APPLICATION_EXTENSION_API_ONLY = YES;
				CODE_SIGN_ENTITLEMENTS = DashFileProvider/DashFileProvider.entitlements;
				CODE_SIGN_STYLE = Automatic;
				DASH_KEYCHAIN_ACCESS_GROUP = "$(AppIdentifierPrefix)sh.xat.dash.app";
				DEVELOPMENT_TEAM = UH4FQTHMG2;
				GENERATE_INFOPLIST_FILE = YES;
				INFOPLIST_FILE = DashFileProvider/Info.plist;
				INFOPLIST_KEY_CFBundleDisplayName = Dash;
				LD_RUNPATH_SEARCH_PATHS = (
					"$(inherited)",
					"@executable_path/Frameworks",
					"@executable_path/../../Frameworks",
				);
				LM_SKIP_METADATA_EXTRACTION = YES;
				PRODUCT_BUNDLE_IDENTIFIER = sh.xat.dash.app.file-provider;
				PRODUCT_NAME = "$(TARGET_NAME)";
				SDKROOT = iphoneos;
				SKIP_INSTALL = YES;
				SUPPORTED_PLATFORMS = "iphoneos iphonesimulator";
				SWIFT_VERSION = 6.0;
				TARGETED_DEVICE_FAMILY = 1;
			};
			name = Release;
		};
/* End XCBuildConfiguration section */

/* Begin XCConfigurationList section */
		E00000000000000000000001 /* Build configuration list for PBXProject "Dash" */ = {
			isa = XCConfigurationList;
			buildConfigurations = (
				E00000000000000000000011 /* Debug */,
				E00000000000000000000012 /* Release */,
			);
			defaultConfigurationIsVisible = 0;
			defaultConfigurationName = Release;
		};
		E00000000000000000000002 /* Build configuration list for PBXNativeTarget "Dash" */ = {
			isa = XCConfigurationList;
			buildConfigurations = (
				E00000000000000000000021 /* Debug */,
				E00000000000000000000022 /* Release */,
			);
			defaultConfigurationIsVisible = 0;
			defaultConfigurationName = Release;
		};
		E00000000000000000000003 /* Build configuration list for PBXNativeTarget "DashTests" */ = {
			isa = XCConfigurationList;
			buildConfigurations = (
				E00000000000000000000031 /* Debug */,
				E00000000000000000000032 /* Release */,
			);
			defaultConfigurationIsVisible = 0;
			defaultConfigurationName = Release;
		};
		E00000000000000000000004 /* Build configuration list for PBXNativeTarget "DashUITests" */ = {
			isa = XCConfigurationList;
			buildConfigurations = (
				E00000000000000000000041 /* Debug */,
				E00000000000000000000042 /* Release */,
			);
			defaultConfigurationIsVisible = 0;
			defaultConfigurationName = Release;
		};
		E00000000000000000000005 /* Build configuration list for PBXNativeTarget "DashWidgets" */ = {
			isa = XCConfigurationList;
			buildConfigurations = (
				E00000000000000000000051 /* Debug */,
				E00000000000000000000052 /* Release */,
			);
			defaultConfigurationIsVisible = 0;
			defaultConfigurationName = Release;
		};
		E00000000000000000000006 /* Build configuration list for PBXNativeTarget "DashShare" */ = {
			isa = XCConfigurationList;
			buildConfigurations = (
				E00000000000000000000061 /* Debug */,
				E00000000000000000000062 /* Release */,
			);
			defaultConfigurationIsVisible = 0;
			defaultConfigurationName = Release;
		};
		E00000000000000000000007 /* Build configuration list for PBXNativeTarget "DashNotificationService" */ = {
			isa = XCConfigurationList;
			buildConfigurations = (
				E00000000000000000000071 /* Debug */,
				E00000000000000000000072 /* Release */,
			);
			defaultConfigurationIsVisible = 0;
			defaultConfigurationName = Release;
		};
		E00000000000000000000008 /* Build configuration list for PBXNativeTarget "DashFileProvider" */ = {
			isa = XCConfigurationList;
			buildConfigurations = (
				E00000000000000000000081 /* Debug */,
				E00000000000000000000082 /* Release */,
			);
			defaultConfigurationIsVisible = 0;
			defaultConfigurationName = Release;
		};
/* End XCConfigurationList section */

/* Begin XCLocalSwiftPackageReference section */
		P00000000000000000000002 /* XCLocalSwiftPackageReference "../../packages/cloudflare-api" */ = {
			isa = XCLocalSwiftPackageReference;
			relativePath = "../../packages/cloudflare-api";
		};
		P00000000000000000000007 /* XCLocalSwiftPackageReference "../../packages/gradient-avatars" */ = {
			isa = XCLocalSwiftPackageReference;
			relativePath = "../../packages/gradient-avatars";
		};
		P0000000000000000000000B /* XCLocalSwiftPackageReference "../../packages/BlossomColorPicker" */ = {
			isa = XCLocalSwiftPackageReference;
			relativePath = ../../packages/BlossomColorPicker;
		};
		P0000000000000000000000C /* XCLocalSwiftPackageReference "../../packages/SwiftDitherKit" */ = {
			isa = XCLocalSwiftPackageReference;
			relativePath = ../../packages/SwiftDitherKit;
		};
		P0000000000000000000000F /* XCLocalSwiftPackageReference "../../packages/SwiftGlobeKit" */ = {
			isa = XCLocalSwiftPackageReference;
			relativePath = ../../packages/SwiftGlobeKit;
		};
/* End XCLocalSwiftPackageReference section */

/* Begin XCRemoteSwiftPackageReference section */
		P0000000000000000000000D /* XCRemoteSwiftPackageReference "CodeEditor" */ = {
			isa = XCRemoteSwiftPackageReference;
			repositoryURL = "https://github.com/ZeeZide/CodeEditor.git";
			requirement = {
				kind = upToNextMajorVersion;
				minimumVersion = 1.2.6;
			};
		};
/* End XCRemoteSwiftPackageReference section */

/* Begin XCSwiftPackageProductDependency section */
		P00000000000000000000001 /* CloudflareAPI */ = {
			isa = XCSwiftPackageProductDependency;
			package = P00000000000000000000002 /* XCLocalSwiftPackageReference "../../packages/cloudflare-api" */;
			productName = CloudflareAPI;
		};
		P00000000000000000000006 /* SwiftDitherKit */ = {
			isa = XCSwiftPackageProductDependency;
			package = P0000000000000000000000C /* XCLocalSwiftPackageReference "../../packages/SwiftDitherKit" */;
			productName = SwiftDitherKit;
		};
		P00000000000000000000008 /* GradientAvatars */ = {
			isa = XCSwiftPackageProductDependency;
			package = P00000000000000000000007 /* XCLocalSwiftPackageReference "../../packages/gradient-avatars" */;
			productName = GradientAvatars;
		};
		P00000000000000000000009 /* CloudflareAPI */ = {
			isa = XCSwiftPackageProductDependency;
			package = P00000000000000000000002 /* XCLocalSwiftPackageReference "../../packages/cloudflare-api" */;
			productName = CloudflareAPI;
		};
		P0000000000000000000000A /* BlossomColorPickerCore */ = {
			isa = XCSwiftPackageProductDependency;
			package = P0000000000000000000000B /* XCLocalSwiftPackageReference "../../packages/BlossomColorPicker" */;
			productName = BlossomColorPickerCore;
		};
		P0000000000000000000000E /* CodeEditor */ = {
			isa = XCSwiftPackageProductDependency;
			package = P0000000000000000000000D /* XCRemoteSwiftPackageReference "CodeEditor" */;
			productName = CodeEditor;
		};
		P00000000000000000000010 /* SwiftGlobeKit */ = {
			isa = XCSwiftPackageProductDependency;
			package = P0000000000000000000000F /* XCLocalSwiftPackageReference "../../packages/SwiftGlobeKit" */;
			productName = SwiftGlobeKit;
		};
		P00000000000000000000011 /* SwiftDitherKit */ = {
			isa = XCSwiftPackageProductDependency;
			package = P0000000000000000000000C /* XCLocalSwiftPackageReference "../../packages/SwiftDitherKit" */;
			productName = SwiftDitherKit;
		};
		P00000000000000000000012 /* CloudflareAPI */ = {
			isa = XCSwiftPackageProductDependency;
			package = P00000000000000000000002 /* XCLocalSwiftPackageReference "../../packages/cloudflare-api" */;
			productName = CloudflareAPI;
		};
/* End XCSwiftPackageProductDependency section */
	};
	rootObject = A00000000000000000000001 /* Project object */;
}
