// !$*UTF8*$!
{
	archiveVersion = 1;
	classes = {
	};
	objectVersion = 71;
	objects = {

/* Begin PBXBuildFile section */
		5BD28D9C30006EA10012912F /* AppIcon.icon in Resources */ = {isa = PBXBuildFile; fileRef = 5BD28D9B30006EA10012912F /* AppIcon.icon */; };
		B00000000000000000000001 /* DashApp.swift in Sources */ = {isa = PBXBuildFile; fileRef = F00000000000000000000001 /* DashApp.swift */; };
		B00000000000000000000002 /* AppConfiguration.swift in Sources */ = {isa = PBXBuildFile; fileRef = F00000000000000000000002 /* AppConfiguration.swift */; };
		B00000000000000000000003 /* KeychainTokenStore.swift in Sources */ = {isa = PBXBuildFile; fileRef = F00000000000000000000003 /* KeychainTokenStore.swift */; };
		B00000000000000000000004 /* AppModel.swift in Sources */ = {isa = PBXBuildFile; fileRef = F00000000000000000000004 /* AppModel.swift */; };
		B00000000000000000000005 /* DashTheme.swift in Sources */ = {isa = PBXBuildFile; fileRef = F00000000000000000000005 /* DashTheme.swift */; };
		B00000000000000000000006 /* Catalog.swift in Sources */ = {isa = PBXBuildFile; fileRef = F00000000000000000000006 /* Catalog.swift */; };
		B00000000000000000000007 /* AppRootView.swift in Sources */ = {isa = PBXBuildFile; fileRef = F00000000000000000000007 /* AppRootView.swift */; };
		B00000000000000000000008 /* HomeView.swift in Sources */ = {isa = PBXBuildFile; fileRef = F00000000000000000000008 /* HomeView.swift */; };
		B00000000000000000000009 /* ItemsView.swift in Sources */ = {isa = PBXBuildFile; fileRef = F00000000000000000000009 /* ItemsView.swift */; };
		B0000000000000000000000A /* WatchtowerView.swift in Sources */ = {isa = PBXBuildFile; fileRef = F0000000000000000000000A /* WatchtowerView.swift */; };
		B0000000000000000000000B /* FeatureViews.swift in Sources */ = {isa = PBXBuildFile; fileRef = F0000000000000000000000B /* FeatureViews.swift */; };
		B0000000000000000000000C /* StorageViews.swift in Sources */ = {isa = PBXBuildFile; fileRef = F0000000000000000000000C /* StorageViews.swift */; };
		B0000000000000000000000D /* GenericFeatureViews.swift in Sources */ = {isa = PBXBuildFile; fileRef = F0000000000000000000000D /* GenericFeatureViews.swift */; };
		B0000000000000000000000E /* Assets.xcassets in Resources */ = {isa = PBXBuildFile; fileRef = F0000000000000000000000E /* Assets.xcassets */; };
		B0000000000000000000000F /* PrivacyInfo.xcprivacy in Resources */ = {isa = PBXBuildFile; fileRef = F0000000000000000000000F /* PrivacyInfo.xcprivacy */; };
		B00000000000000000000012 /* DashTests.swift in Sources */ = {isa = PBXBuildFile; fileRef = F00000000000000000000012 /* DashTests.swift */; };
		B00000000000000000000013 /* DashUITests.swift in Sources */ = {isa = PBXBuildFile; fileRef = F00000000000000000000013 /* DashUITests.swift */; };
		B00000000000000000000014 /* CloudflareAPI in Frameworks */ = {isa = PBXBuildFile; productRef = P00000000000000000000001 /* CloudflareAPI */; };
		B00000000000000000000015 /* UserAvatar.swift in Sources */ = {isa = PBXBuildFile; fileRef = F00000000000000000000031 /* UserAvatar.swift */; };
		B00000000000000000000016 /* AccountFeatureViews.swift in Sources */ = {isa = PBXBuildFile; fileRef = F00000000000000000000032 /* AccountFeatureViews.swift */; };
		B00000000000000000000017 /* WatchtowerModel.swift in Sources */ = {isa = PBXBuildFile; fileRef = F00000000000000000000033 /* WatchtowerModel.swift */; };
		B00000000000000000000018 /* SolarIcons.swift in Sources */ = {isa = PBXBuildFile; fileRef = F00000000000000000000034 /* SolarIcons.swift */; };
		B00000000000000000000019 /* DashChrome.swift in Sources */ = {isa = PBXBuildFile; fileRef = F00000000000000000000035 /* DashChrome.swift */; };
		B0000000000000000000001A /* FeatureDataCache.swift in Sources */ = {isa = PBXBuildFile; fileRef = F00000000000000000000036 /* FeatureDataCache.swift */; };
		B0000000000000000000001B /* SearchView.swift in Sources */ = {isa = PBXBuildFile; fileRef = F00000000000000000000037 /* SearchView.swift */; };
		B0000000000000000000001C /* ZoneAnalyticsView.swift in Sources */ = {isa = PBXBuildFile; fileRef = F00000000000000000000038 /* ZoneAnalyticsView.swift */; };
		B0000000000000000000001D /* DashDetailTray.swift in Sources */ = {isa = PBXBuildFile; fileRef = F00000000000000000000039 /* DashDetailTray.swift */; };
		B0000000000000000000001E /* APIExplorerView.swift in Sources */ = {isa = PBXBuildFile; fileRef = F0000000000000000000003A /* APIExplorerView.swift */; };
		B0000000000000000000001F /* HubFeatureViews.swift in Sources */ = {isa = PBXBuildFile; fileRef = F0000000000000000000003B /* HubFeatureViews.swift */; };
		B00000000000000000000020 /* ZoneConfigViews.swift in Sources */ = {isa = PBXBuildFile; fileRef = F0000000000000000000003C /* ZoneConfigViews.swift */; };
		B00000000000000000000021 /* AIFeatureViews.swift in Sources */ = {isa = PBXBuildFile; fileRef = F0000000000000000000003D /* AIFeatureViews.swift */; };
		B00000000000000000000022 /* RulesetViews.swift in Sources */ = {isa = PBXBuildFile; fileRef = F0000000000000000000003E /* RulesetViews.swift */; };
		B00000000000000000000023 /* AccessPolicyViews.swift in Sources */ = {isa = PBXBuildFile; fileRef = F0000000000000000000003F /* AccessPolicyViews.swift */; };
		B00000000000000000000024 /* LoginGrain.metal in Sources */ = {isa = PBXBuildFile; fileRef = F00000000000000000000040 /* LoginGrain.metal */; };
		B00000000000000000000101 /* Pagination.swift in Sources */ = {isa = PBXBuildFile; fileRef = F00000000000000000000101 /* Pagination.swift */; };
		B00000000000000000000102 /* D1SQL.swift in Sources */ = {isa = PBXBuildFile; fileRef = F00000000000000000000102 /* D1SQL.swift */; };
		B00000000000000000000103 /* HomePersistence.swift in Sources */ = {isa = PBXBuildFile; fileRef = F00000000000000000000103 /* HomePersistence.swift */; };
		B00000000000000000000104 /* WorkerTailView.swift in Sources */ = {isa = PBXBuildFile; fileRef = F00000000000000000000104 /* WorkerTailView.swift */; };
		B00000000000000000000105 /* DashRoute.swift in Sources */ = {isa = PBXBuildFile; fileRef = F00000000000000000000105 /* DashRoute.swift */; };
		B00000000000000000000106 /* DashAppIntents.swift in Sources */ = {isa = PBXBuildFile; fileRef = F00000000000000000000106 /* DashAppIntents.swift */; };
		B00000000000000000000107 /* WatchtowerWidgetSnapshot.swift in Sources */ = {isa = PBXBuildFile; fileRef = F00000000000000000000107 /* WatchtowerWidgetSnapshot.swift */; };
		B00000000000000000000108 /* WatchtowerNotifications.swift in Sources */ = {isa = PBXBuildFile; fileRef = F00000000000000000000108 /* WatchtowerNotifications.swift */; };
		B00000000000000000000109 /* DashWidgets.swift in Sources */ = {isa = PBXBuildFile; fileRef = F00000000000000000000109 /* DashWidgets.swift */; };
		B0000000000000000000010A /* WatchtowerWidgetSnapshot.swift in Sources */ = {isa = PBXBuildFile; fileRef = F00000000000000000000107 /* WatchtowerWidgetSnapshot.swift */; };
		B0000000000000000000010B /* DashWidgets.appex in Embed Foundation Extensions */ = {isa = PBXBuildFile; fileRef = F00000000000000000000023 /* DashWidgets.appex */; settings = {ATTRIBUTES = (RemoveHeadersOnCopy, ); }; };
		B0000000000000000000010C /* PushRegistration.swift in Sources */ = {isa = PBXBuildFile; fileRef = F0000000000000000000010C /* PushRegistration.swift */; };
/* End PBXBuildFile section */

/* Begin PBXContainerItemProxy section */
		C00000000000000000000001 /* PBXContainerItemProxy */ = {
			isa = PBXContainerItemProxy;
			containerPortal = A00000000000000000000001 /* Project object */;
			proxyType = 1;
			remoteGlobalIDString = A00000000000000000000002;
			remoteInfo = Dash;
		};
		C00000000000000000000013 /* PBXContainerItemProxy */ = {
			isa = PBXContainerItemProxy;
			containerPortal = A00000000000000000000001 /* Project object */;
			proxyType = 1;
			remoteGlobalIDString = A00000000000000000000005;
			remoteInfo = DashWidgets;
		};
/* End PBXContainerItemProxy section */

/* Begin PBXFileReference section */
		5BD28D9B30006EA10012912F /* AppIcon.icon */ = {isa = PBXFileReference; lastKnownFileType = folder.iconcomposer.icon; path = AppIcon.icon; sourceTree = "<group>"; };
		F00000000000000000000001 /* DashApp.swift */ = {isa = PBXFileReference; lastKnownFileType = sourcecode.swift; path = DashApp.swift; sourceTree = "<group>"; };
		F00000000000000000000002 /* AppConfiguration.swift */ = {isa = PBXFileReference; lastKnownFileType = sourcecode.swift; path = AppConfiguration.swift; sourceTree = "<group>"; };
		F00000000000000000000003 /* KeychainTokenStore.swift */ = {isa = PBXFileReference; lastKnownFileType = sourcecode.swift; path = KeychainTokenStore.swift; sourceTree = "<group>"; };
		F00000000000000000000004 /* AppModel.swift */ = {isa = PBXFileReference; lastKnownFileType = sourcecode.swift; path = AppModel.swift; sourceTree = "<group>"; };
		F00000000000000000000005 /* DashTheme.swift */ = {isa = PBXFileReference; lastKnownFileType = sourcecode.swift; path = DashTheme.swift; sourceTree = "<group>"; };
		F00000000000000000000006 /* Catalog.swift */ = {isa = PBXFileReference; lastKnownFileType = sourcecode.swift; path = Catalog.swift; sourceTree = "<group>"; };
		F00000000000000000000007 /* AppRootView.swift */ = {isa = PBXFileReference; lastKnownFileType = sourcecode.swift; path = AppRootView.swift; sourceTree = "<group>"; };
		F00000000000000000000008 /* HomeView.swift */ = {isa = PBXFileReference; lastKnownFileType = sourcecode.swift; path = HomeView.swift; sourceTree = "<group>"; };
		F00000000000000000000009 /* ItemsView.swift */ = {isa = PBXFileReference; lastKnownFileType = sourcecode.swift; path = ItemsView.swift; sourceTree = "<group>"; };
		F0000000000000000000000A /* WatchtowerView.swift */ = {isa = PBXFileReference; lastKnownFileType = sourcecode.swift; path = WatchtowerView.swift; sourceTree = "<group>"; };
		F0000000000000000000000B /* FeatureViews.swift */ = {isa = PBXFileReference; lastKnownFileType = sourcecode.swift; path = FeatureViews.swift; sourceTree = "<group>"; };
		F0000000000000000000000C /* StorageViews.swift */ = {isa = PBXFileReference; lastKnownFileType = sourcecode.swift; path = StorageViews.swift; sourceTree = "<group>"; };
		F0000000000000000000000D /* GenericFeatureViews.swift */ = {isa = PBXFileReference; lastKnownFileType = sourcecode.swift; path = GenericFeatureViews.swift; sourceTree = "<group>"; };
		F0000000000000000000000E /* Assets.xcassets */ = {isa = PBXFileReference; lastKnownFileType = folder.assetcatalog; path = Assets.xcassets; sourceTree = "<group>"; };
		F0000000000000000000000F /* PrivacyInfo.xcprivacy */ = {isa = PBXFileReference; lastKnownFileType = text.xml; path = PrivacyInfo.xcprivacy; sourceTree = "<group>"; };
		F00000000000000000000012 /* DashTests.swift */ = {isa = PBXFileReference; lastKnownFileType = sourcecode.swift; path = DashTests.swift; sourceTree = "<group>"; };
		F00000000000000000000013 /* DashUITests.swift */ = {isa = PBXFileReference; lastKnownFileType = sourcecode.swift; path = DashUITests.swift; sourceTree = "<group>"; };
		F00000000000000000000020 /* Dash.app */ = {isa = PBXFileReference; explicitFileType = wrapper.application; includeInIndex = 0; path = Dash.app; sourceTree = BUILT_PRODUCTS_DIR; };
		F00000000000000000000021 /* DashTests.xctest */ = {isa = PBXFileReference; explicitFileType = wrapper.cfbundle; includeInIndex = 0; path = DashTests.xctest; sourceTree = BUILT_PRODUCTS_DIR; };
		F00000000000000000000022 /* DashUITests.xctest */ = {isa = PBXFileReference; explicitFileType = wrapper.cfbundle; includeInIndex = 0; path = DashUITests.xctest; sourceTree = BUILT_PRODUCTS_DIR; };
		F00000000000000000000030 /* Base.xcconfig */ = {isa = PBXFileReference; lastKnownFileType = text.xcconfig; name = Base.xcconfig; path = Config/Base.xcconfig; sourceTree = SOURCE_ROOT; };
		F00000000000000000000031 /* UserAvatar.swift */ = {isa = PBXFileReference; lastKnownFileType = sourcecode.swift; path = UserAvatar.swift; sourceTree = "<group>"; };
		F00000000000000000000032 /* AccountFeatureViews.swift */ = {isa = PBXFileReference; lastKnownFileType = sourcecode.swift; path = AccountFeatureViews.swift; sourceTree = "<group>"; };
		F00000000000000000000033 /* WatchtowerModel.swift */ = {isa = PBXFileReference; lastKnownFileType = sourcecode.swift; path = WatchtowerModel.swift; sourceTree = "<group>"; };
		F00000000000000000000034 /* SolarIcons.swift */ = {isa = PBXFileReference; lastKnownFileType = sourcecode.swift; path = SolarIcons.swift; sourceTree = "<group>"; };
		F00000000000000000000035 /* DashChrome.swift */ = {isa = PBXFileReference; lastKnownFileType = sourcecode.swift; path = DashChrome.swift; sourceTree = "<group>"; };
		F00000000000000000000036 /* FeatureDataCache.swift */ = {isa = PBXFileReference; lastKnownFileType = sourcecode.swift; path = FeatureDataCache.swift; sourceTree = "<group>"; };
		F00000000000000000000037 /* SearchView.swift */ = {isa = PBXFileReference; lastKnownFileType = sourcecode.swift; path = SearchView.swift; sourceTree = "<group>"; };
		F00000000000000000000038 /* ZoneAnalyticsView.swift */ = {isa = PBXFileReference; lastKnownFileType = sourcecode.swift; path = ZoneAnalyticsView.swift; sourceTree = "<group>"; };
		F00000000000000000000039 /* DashDetailTray.swift */ = {isa = PBXFileReference; lastKnownFileType = sourcecode.swift; path = DashDetailTray.swift; sourceTree = "<group>"; };
		F0000000000000000000003A /* APIExplorerView.swift */ = {isa = PBXFileReference; lastKnownFileType = sourcecode.swift; path = APIExplorerView.swift; sourceTree = "<group>"; };
		F0000000000000000000003B /* HubFeatureViews.swift */ = {isa = PBXFileReference; lastKnownFileType = sourcecode.swift; path = HubFeatureViews.swift; sourceTree = "<group>"; };
		F0000000000000000000003C /* ZoneConfigViews.swift */ = {isa = PBXFileReference; lastKnownFileType = sourcecode.swift; path = ZoneConfigViews.swift; sourceTree = "<group>"; };
		F0000000000000000000003D /* AIFeatureViews.swift */ = {isa = PBXFileReference; lastKnownFileType = sourcecode.swift; path = AIFeatureViews.swift; sourceTree = "<group>"; };
		F0000000000000000000003E /* RulesetViews.swift */ = {isa = PBXFileReference; lastKnownFileType = sourcecode.swift; path = RulesetViews.swift; sourceTree = "<group>"; };
		F0000000000000000000003F /* AccessPolicyViews.swift */ = {isa = PBXFileReference; lastKnownFileType = sourcecode.swift; path = AccessPolicyViews.swift; sourceTree = "<group>"; };
		F00000000000000000000040 /* LoginGrain.metal */ = {isa = PBXFileReference; lastKnownFileType = sourcecode.metal; path = LoginGrain.metal; sourceTree = "<group>"; };
		F00000000000000000000101 /* Pagination.swift */ = {isa = PBXFileReference; lastKnownFileType = sourcecode.swift; path = Pagination.swift; sourceTree = "<group>"; };
		F00000000000000000000102 /* D1SQL.swift */ = {isa = PBXFileReference; lastKnownFileType = sourcecode.swift; path = D1SQL.swift; sourceTree = "<group>"; };
		F00000000000000000000103 /* HomePersistence.swift */ = {isa = PBXFileReference; lastKnownFileType = sourcecode.swift; path = HomePersistence.swift; sourceTree = "<group>"; };
		F00000000000000000000104 /* WorkerTailView.swift */ = {isa = PBXFileReference; lastKnownFileType = sourcecode.swift; path = WorkerTailView.swift; sourceTree = "<group>"; };
		F00000000000000000000105 /* DashRoute.swift */ = {isa = PBXFileReference; lastKnownFileType = sourcecode.swift; path = DashRoute.swift; sourceTree = "<group>"; };
		F00000000000000000000106 /* DashAppIntents.swift */ = {isa = PBXFileReference; lastKnownFileType = sourcecode.swift; path = DashAppIntents.swift; sourceTree = "<group>"; };
		F00000000000000000000107 /* WatchtowerWidgetSnapshot.swift */ = {isa = PBXFileReference; lastKnownFileType = sourcecode.swift; path = WatchtowerWidgetSnapshot.swift; sourceTree = "<group>"; };
		F00000000000000000000108 /* WatchtowerNotifications.swift */ = {isa = PBXFileReference; lastKnownFileType = sourcecode.swift; path = WatchtowerNotifications.swift; sourceTree = "<group>"; };
		F00000000000000000000109 /* DashWidgets.swift */ = {isa = PBXFileReference; lastKnownFileType = sourcecode.swift; path = DashWidgets.swift; sourceTree = "<group>"; };
		F0000000000000000000010A /* Info.plist */ = {isa = PBXFileReference; lastKnownFileType = text.plist.xml; path = Info.plist; sourceTree = "<group>"; };
		F0000000000000000000010B /* DashWidgets.entitlements */ = {isa = PBXFileReference; lastKnownFileType = text.plist.entitlements; path = DashWidgets.entitlements; sourceTree = "<group>"; };
		F0000000000000000000010C /* PushRegistration.swift */ = {isa = PBXFileReference; lastKnownFileType = sourcecode.swift; path = PushRegistration.swift; sourceTree = "<group>"; };
		F00000000000000000000023 /* DashWidgets.appex */ = {isa = PBXFileReference; explicitFileType = "wrapper.app-extension"; includeInIndex = 0; path = DashWidgets.appex; sourceTree = BUILT_PRODUCTS_DIR; };
/* End PBXFileReference section */

/* Begin PBXFrameworksBuildPhase section */
		D00000000000000000000001 /* Frameworks */ = {
			isa = PBXFrameworksBuildPhase;
			buildActionMask = 2147483647;
			files = (
				B00000000000000000000014 /* CloudflareAPI in Frameworks */,
			);
			runOnlyForDeploymentPostprocessing = 0;
		};
		D00000000000000000000002 /* Frameworks */ = {
			isa = PBXFrameworksBuildPhase;
			buildActionMask = 2147483647;
			files = (
			);
			runOnlyForDeploymentPostprocessing = 0;
		};
		D00000000000000000000003 /* Frameworks */ = {
			isa = PBXFrameworksBuildPhase;
			buildActionMask = 2147483647;
			files = (
			);
			runOnlyForDeploymentPostprocessing = 0;
		};
		D00000000000000000000015 /* Frameworks */ = {
			isa = PBXFrameworksBuildPhase;
			buildActionMask = 2147483647;
			files = (
			);
			runOnlyForDeploymentPostprocessing = 0;
		};
/* End PBXFrameworksBuildPhase section */

/* Begin PBXCopyFilesBuildPhase section */
		D00000000000000000000017 /* Embed Foundation Extensions */ = {
			isa = PBXCopyFilesBuildPhase;
			buildActionMask = 2147483647;
			dstPath = "";
			dstSubfolderSpec = 13;
			files = (
				B0000000000000000000010B /* DashWidgets.appex in Embed Foundation Extensions */,
			);
			name = "Embed Foundation Extensions";
			runOnlyForDeploymentPostprocessing = 0;
		};
/* End PBXCopyFilesBuildPhase section */

/* Begin PBXGroup section */
		5B23A8D52FFB6F8700D18CF0 /* Recovered References */ = {
			isa = PBXGroup;
			children = (
				F00000000000000000000030 /* Base.xcconfig */,
			);
			name = "Recovered References";
			sourceTree = "<group>";
		};
		A00000000000000000000010 = {
			isa = PBXGroup;
			children = (
				A00000000000000000000011 /* Dash */,
				A00000000000000000000012 /* DashTests */,
				A00000000000000000000013 /* DashUITests */,
				A00000000000000000000017 /* DashWidgets */,
				A00000000000000000000014 /* Products */,
				A00000000000000000000015 /* Frameworks */,
				5B23A8D52FFB6F8700D18CF0 /* Recovered References */,
			);
			sourceTree = "<group>";
		};
		A00000000000000000000017 /* DashWidgets */ = {
			isa = PBXGroup;
			children = (
				F00000000000000000000109 /* DashWidgets.swift */,
				F0000000000000000000010A /* Info.plist */,
				F0000000000000000000010B /* DashWidgets.entitlements */,
			);
			path = DashWidgets;
			sourceTree = "<group>";
		};
		A00000000000000000000011 /* Dash */ = {
			isa = PBXGroup;
			children = (
				F00000000000000000000001 /* DashApp.swift */,
				F00000000000000000000002 /* AppConfiguration.swift */,
				F00000000000000000000003 /* KeychainTokenStore.swift */,
				F00000000000000000000004 /* AppModel.swift */,
				F00000000000000000000036 /* FeatureDataCache.swift */,
				F00000000000000000000005 /* DashTheme.swift */,
				F00000000000000000000006 /* Catalog.swift */,
				F00000000000000000000007 /* AppRootView.swift */,
				F00000000000000000000008 /* HomeView.swift */,
				F00000000000000000000009 /* ItemsView.swift */,
				F00000000000000000000037 /* SearchView.swift */,
				F00000000000000000000038 /* ZoneAnalyticsView.swift */,
				F00000000000000000000039 /* DashDetailTray.swift */,
				F0000000000000000000003A /* APIExplorerView.swift */,
				F0000000000000000000003B /* HubFeatureViews.swift */,
				F0000000000000000000003C /* ZoneConfigViews.swift */,
				F0000000000000000000003D /* AIFeatureViews.swift */,
				F0000000000000000000003E /* RulesetViews.swift */,
				F0000000000000000000003F /* AccessPolicyViews.swift */,
				F0000000000000000000000A /* WatchtowerView.swift */,
				F0000000000000000000000B /* FeatureViews.swift */,
				F0000000000000000000000C /* StorageViews.swift */,
				F0000000000000000000000D /* GenericFeatureViews.swift */,
				F00000000000000000000031 /* UserAvatar.swift */,
				F00000000000000000000032 /* AccountFeatureViews.swift */,
				F00000000000000000000033 /* WatchtowerModel.swift */,
				F00000000000000000000034 /* SolarIcons.swift */,
				F00000000000000000000035 /* DashChrome.swift */,
				F00000000000000000000101 /* Pagination.swift */,
				F00000000000000000000102 /* D1SQL.swift */,
				F00000000000000000000103 /* HomePersistence.swift */,
				F00000000000000000000104 /* WorkerTailView.swift */,
				F00000000000000000000105 /* DashRoute.swift */,
				F00000000000000000000106 /* DashAppIntents.swift */,
				F00000000000000000000107 /* WatchtowerWidgetSnapshot.swift */,
				F00000000000000000000108 /* WatchtowerNotifications.swift */,
				F0000000000000000000010C /* PushRegistration.swift */,
				F00000000000000000000040 /* LoginGrain.metal */,
				A00000000000000000000016 /* Resources */,
				F0000000000000000000000F /* PrivacyInfo.xcprivacy */,
			);
			path = Dash;
			sourceTree = "<group>";
		};
		A00000000000000000000012 /* DashTests */ = {
			isa = PBXGroup;
			children = (
				F00000000000000000000012 /* DashTests.swift */,
			);
			path = DashTests;
			sourceTree = "<group>";
		};
		A00000000000000000000013 /* DashUITests */ = {
			isa = PBXGroup;
			children = (
				F00000000000000000000013 /* DashUITests.swift */,
			);
			path = DashUITests;
			sourceTree = "<group>";
		};
		A00000000000000000000014 /* Products */ = {
			isa = PBXGroup;
			children = (
				F00000000000000000000020 /* Dash.app */,
				F00000000000000000000021 /* DashTests.xctest */,
				F00000000000000000000022 /* DashUITests.xctest */,
				F00000000000000000000023 /* DashWidgets.appex */,
			);
			name = Products;
			sourceTree = "<group>";
		};
		A00000000000000000000015 /* Frameworks */ = {
			isa = PBXGroup;
			children = (
			);
			name = Frameworks;
			sourceTree = "<group>";
		};
		A00000000000000000000016 /* Resources */ = {
			isa = PBXGroup;
			children = (
				F0000000000000000000000E /* Assets.xcassets */,
				5BD28D9B30006EA10012912F /* AppIcon.icon */,
			);
			path = Resources;
			sourceTree = "<group>";
		};
/* End PBXGroup section */

/* Begin PBXNativeTarget section */
		A00000000000000000000002 /* Dash */ = {
			isa = PBXNativeTarget;
			buildConfigurationList = E00000000000000000000002 /* Build configuration list for PBXNativeTarget "Dash" */;
			buildPhases = (
				D00000000000000000000011 /* Sources */,
				D00000000000000000000001 /* Frameworks */,
				D00000000000000000000021 /* Resources */,
				D00000000000000000000017 /* Embed Foundation Extensions */,
			);
			buildRules = (
			);
			dependencies = (
				C00000000000000000000014 /* PBXTargetDependency */,
			);
			name = Dash;
			packageProductDependencies = (
				P00000000000000000000001 /* CloudflareAPI */,
			);
			productName = Dash;
			productReference = F00000000000000000000020 /* Dash.app */;
			productType = "com.apple.product-type.application";
		};
		A00000000000000000000005 /* DashWidgets */ = {
			isa = PBXNativeTarget;
			buildConfigurationList = E00000000000000000000005 /* Build configuration list for PBXNativeTarget "DashWidgets" */;
			buildPhases = (
				D00000000000000000000014 /* Sources */,
				D00000000000000000000015 /* Frameworks */,
				D00000000000000000000016 /* Resources */,
			);
			buildRules = (
			);
			dependencies = (
			);
			name = DashWidgets;
			productName = DashWidgets;
			productReference = F00000000000000000000023 /* DashWidgets.appex */;
			productType = "com.apple.product-type.app-extension";
		};
		A00000000000000000000003 /* DashTests */ = {
			isa = PBXNativeTarget;
			buildConfigurationList = E00000000000000000000003 /* Build configuration list for PBXNativeTarget "DashTests" */;
			buildPhases = (
				D00000000000000000000012 /* Sources */,
				D00000000000000000000002 /* Frameworks */,
				D00000000000000000000022 /* Resources */,
			);
			buildRules = (
			);
			dependencies = (
				C00000000000000000000011 /* PBXTargetDependency */,
			);
			name = DashTests;
			productName = DashTests;
			productReference = F00000000000000000000021 /* DashTests.xctest */;
			productType = "com.apple.product-type.bundle.unit-test";
		};
		A00000000000000000000004 /* DashUITests */ = {
			isa = PBXNativeTarget;
			buildConfigurationList = E00000000000000000000004 /* Build configuration list for PBXNativeTarget "DashUITests" */;
			buildPhases = (
				D00000000000000000000013 /* Sources */,
				D00000000000000000000003 /* Frameworks */,
				D00000000000000000000023 /* Resources */,
			);
			buildRules = (
			);
			dependencies = (
				C00000000000000000000012 /* PBXTargetDependency */,
			);
			name = DashUITests;
			productName = DashUITests;
			productReference = F00000000000000000000022 /* DashUITests.xctest */;
			productType = "com.apple.product-type.bundle.ui-testing";
		};
/* End PBXNativeTarget section */

/* Begin PBXProject section */
		A00000000000000000000001 /* Project object */ = {
			isa = PBXProject;
			attributes = {
				BuildIndependentTargetsInParallel = 1;
				LastSwiftUpdateCheck = 2640;
				LastUpgradeCheck = 2640;
				TargetAttributes = {
					A00000000000000000000002 = {
						CreatedOnToolsVersion = 26.4;
					};
					A00000000000000000000003 = {
						CreatedOnToolsVersion = 26.4;
						TestTargetID = A00000000000000000000002;
					};
					A00000000000000000000004 = {
						CreatedOnToolsVersion = 26.4;
						TestTargetID = A00000000000000000000002;
					};
					A00000000000000000000005 = {
						CreatedOnToolsVersion = 26.4;
					};
				};
			};
			buildConfigurationList = E00000000000000000000001 /* Build configuration list for PBXProject "Dash" */;
			compatibilityVersion = "Xcode 16.0";
			developmentRegion = en;
			hasScannedForEncodings = 0;
			knownRegions = (
				en,
				Base,
			);
			mainGroup = A00000000000000000000010;
			packageReferences = (
				P00000000000000000000002 /* XCLocalSwiftPackageReference "../../packages/cloudflare-api" */,
			);
			productRefGroup = A00000000000000000000014 /* Products */;
			projectDirPath = "";
			projectRoot = "";
			targets = (
				A00000000000000000000002 /* Dash */,
				A00000000000000000000005 /* DashWidgets */,
				A00000000000000000000003 /* DashTests */,
				A00000000000000000000004 /* DashUITests */,
			);
		};
/* End PBXProject section */

/* Begin PBXResourcesBuildPhase section */
		D00000000000000000000021 /* Resources */ = {
			isa = PBXResourcesBuildPhase;
			buildActionMask = 2147483647;
			files = (
				B0000000000000000000000E /* Assets.xcassets in Resources */,
				5BD28D9C30006EA10012912F /* AppIcon.icon in Resources */,
				B0000000000000000000000F /* PrivacyInfo.xcprivacy in Resources */,
			);
			runOnlyForDeploymentPostprocessing = 0;
		};
		D00000000000000000000016 /* Resources */ = {
			isa = PBXResourcesBuildPhase;
			buildActionMask = 2147483647;
			files = (
			);
			runOnlyForDeploymentPostprocessing = 0;
		};
		D00000000000000000000022 /* Resources */ = {
			isa = PBXResourcesBuildPhase;
			buildActionMask = 2147483647;
			files = (
			);
			runOnlyForDeploymentPostprocessing = 0;
		};
		D00000000000000000000023 /* Resources */ = {
			isa = PBXResourcesBuildPhase;
			buildActionMask = 2147483647;
			files = (
			);
			runOnlyForDeploymentPostprocessing = 0;
		};
/* End PBXResourcesBuildPhase section */

/* Begin PBXSourcesBuildPhase section */
		D00000000000000000000011 /* Sources */ = {
			isa = PBXSourcesBuildPhase;
			buildActionMask = 2147483647;
			files = (
				B00000000000000000000001 /* DashApp.swift in Sources */,
				B00000000000000000000002 /* AppConfiguration.swift in Sources */,
				B00000000000000000000003 /* KeychainTokenStore.swift in Sources */,
				B00000000000000000000004 /* AppModel.swift in Sources */,
				B00000000000000000000005 /* DashTheme.swift in Sources */,
				B00000000000000000000006 /* Catalog.swift in Sources */,
				B00000000000000000000007 /* AppRootView.swift in Sources */,
				B00000000000000000000008 /* HomeView.swift in Sources */,
				B00000000000000000000009 /* ItemsView.swift in Sources */,
				B0000000000000000000001B /* SearchView.swift in Sources */,
				B0000000000000000000001C /* ZoneAnalyticsView.swift in Sources */,
				B0000000000000000000001D /* DashDetailTray.swift in Sources */,
				B0000000000000000000001E /* APIExplorerView.swift in Sources */,
				B0000000000000000000001F /* HubFeatureViews.swift in Sources */,
				B00000000000000000000020 /* ZoneConfigViews.swift in Sources */,
				B00000000000000000000021 /* AIFeatureViews.swift in Sources */,
				B00000000000000000000022 /* RulesetViews.swift in Sources */,
				B00000000000000000000023 /* AccessPolicyViews.swift in Sources */,
				B0000000000000000000000A /* WatchtowerView.swift in Sources */,
				B0000000000000000000000B /* FeatureViews.swift in Sources */,
				B0000000000000000000000C /* StorageViews.swift in Sources */,
				B0000000000000000000000D /* GenericFeatureViews.swift in Sources */,
				B00000000000000000000015 /* UserAvatar.swift in Sources */,
				B00000000000000000000016 /* AccountFeatureViews.swift in Sources */,
				B00000000000000000000017 /* WatchtowerModel.swift in Sources */,
				B00000000000000000000018 /* SolarIcons.swift in Sources */,
				B00000000000000000000019 /* DashChrome.swift in Sources */,
				B0000000000000000000001A /* FeatureDataCache.swift in Sources */,
				B00000000000000000000101 /* Pagination.swift in Sources */,
				B00000000000000000000102 /* D1SQL.swift in Sources */,
				B00000000000000000000103 /* HomePersistence.swift in Sources */,
				B00000000000000000000104 /* WorkerTailView.swift in Sources */,
				B00000000000000000000105 /* DashRoute.swift in Sources */,
				B00000000000000000000106 /* DashAppIntents.swift in Sources */,
				B00000000000000000000107 /* WatchtowerWidgetSnapshot.swift in Sources */,
				B00000000000000000000108 /* WatchtowerNotifications.swift in Sources */,
				B0000000000000000000010C /* PushRegistration.swift in Sources */,
				B00000000000000000000024 /* LoginGrain.metal in Sources */,
			);
			runOnlyForDeploymentPostprocessing = 0;
		};
		D00000000000000000000014 /* Sources */ = {
			isa = PBXSourcesBuildPhase;
			buildActionMask = 2147483647;
			files = (
				B00000000000000000000109 /* DashWidgets.swift in Sources */,
				B0000000000000000000010A /* WatchtowerWidgetSnapshot.swift in Sources */,
			);
			runOnlyForDeploymentPostprocessing = 0;
		};
		D00000000000000000000012 /* Sources */ = {
			isa = PBXSourcesBuildPhase;
			buildActionMask = 2147483647;
			files = (
				B00000000000000000000012 /* DashTests.swift in Sources */,
			);
			runOnlyForDeploymentPostprocessing = 0;
		};
		D00000000000000000000013 /* Sources */ = {
			isa = PBXSourcesBuildPhase;
			buildActionMask = 2147483647;
			files = (
				B00000000000000000000013 /* DashUITests.swift in Sources */,
			);
			runOnlyForDeploymentPostprocessing = 0;
		};
/* End PBXSourcesBuildPhase section */

/* Begin PBXTargetDependency section */
		C00000000000000000000011 /* PBXTargetDependency */ = {
			isa = PBXTargetDependency;
			target = A00000000000000000000002 /* Dash */;
			targetProxy = C00000000000000000000001 /* PBXContainerItemProxy */;
		};
		C00000000000000000000012 /* PBXTargetDependency */ = {
			isa = PBXTargetDependency;
			target = A00000000000000000000002 /* Dash */;
			targetProxy = C00000000000000000000001 /* PBXContainerItemProxy */;
		};
		C00000000000000000000014 /* PBXTargetDependency */ = {
			isa = PBXTargetDependency;
			target = A00000000000000000000005 /* DashWidgets */;
			targetProxy = C00000000000000000000013 /* PBXContainerItemProxy */;
		};
/* End PBXTargetDependency section */

/* Begin XCBuildConfiguration section */
		E00000000000000000000011 /* Debug */ = {
			isa = XCBuildConfiguration;
			buildSettings = {
				CLANG_ENABLE_MODULES = YES;
				ENABLE_DEBUG_DYLIB = NO;
				ENABLE_TESTABILITY = YES;
				ONLY_ACTIVE_ARCH = YES;
				SWIFT_ACTIVE_COMPILATION_CONDITIONS = DEBUG;
				SWIFT_OPTIMIZATION_LEVEL = "-Onone";
				SWIFT_STRICT_CONCURRENCY = complete;
			};
			name = Debug;
		};
		E00000000000000000000012 /* Release */ = {
			isa = XCBuildConfiguration;
			buildSettings = {
				CLANG_ENABLE_MODULES = YES;
				SWIFT_COMPILATION_MODE = wholemodule;
				SWIFT_OPTIMIZATION_LEVEL = "-O";
			};
			name = Release;
		};
		E00000000000000000000021 /* Debug */ = {
			isa = XCBuildConfiguration;
			baseConfigurationReference = F00000000000000000000030 /* Base.xcconfig */;
			buildSettings = {
				ASSETCATALOG_COMPILER_APPICON_NAME = AppIcon;
				ASSETCATALOG_COMPILER_INCLUDE_ALL_APPICON_ASSETS = NO;
				CODE_SIGN_ENTITLEMENTS = Dash/Dash.entitlements;
				CODE_SIGN_STYLE = Automatic;
				DEVELOPMENT_TEAM = J4CCPX9K6H;
				GENERATE_INFOPLIST_FILE = NO;
				INFOPLIST_FILE = Dash/Info.plist;
				INFOPLIST_KEY_CFBundleDisplayName = Dash;
				INFOPLIST_KEY_LSApplicationCategoryType = "public.app-category.developer-tools";
				PRODUCT_NAME = Dash;
				SDKROOT = iphoneos;
				SUPPORTED_PLATFORMS = "iphoneos iphonesimulator";
				SUPPORTS_MACCATALYST = NO;
				SUPPORTS_MAC_DESIGNED_FOR_IPHONE_IPAD = NO;
				SUPPORTS_XR_DESIGNED_FOR_IPHONE_IPAD = NO;
				TARGETED_DEVICE_FAMILY = 1;
			};
			name = Debug;
		};
		E00000000000000000000022 /* Release */ = {
			isa = XCBuildConfiguration;
			baseConfigurationReference = F00000000000000000000030 /* Base.xcconfig */;
			buildSettings = {
				ASSETCATALOG_COMPILER_APPICON_NAME = AppIcon;
				ASSETCATALOG_COMPILER_INCLUDE_ALL_APPICON_ASSETS = NO;
				CODE_SIGN_ENTITLEMENTS = Dash/Dash.entitlements;
				CODE_SIGN_STYLE = Automatic;
				DEVELOPMENT_TEAM = J4CCPX9K6H;
				GENERATE_INFOPLIST_FILE = NO;
				INFOPLIST_FILE = Dash/Info.plist;
				INFOPLIST_KEY_CFBundleDisplayName = Dash;
				INFOPLIST_KEY_LSApplicationCategoryType = "public.app-category.developer-tools";
				PRODUCT_NAME = Dash;
				SDKROOT = iphoneos;
				SUPPORTED_PLATFORMS = "iphoneos iphonesimulator";
				SUPPORTS_MACCATALYST = NO;
				SUPPORTS_MAC_DESIGNED_FOR_IPHONE_IPAD = NO;
				SUPPORTS_XR_DESIGNED_FOR_IPHONE_IPAD = NO;
				TARGETED_DEVICE_FAMILY = 1;
			};
			name = Release;
		};
		E00000000000000000000031 /* Debug */ = {
			isa = XCBuildConfiguration;
			buildSettings = {
				BUNDLE_LOADER = "$(TEST_HOST)";
				CODE_SIGN_STYLE = Automatic;
				DEVELOPMENT_TEAM = J4CCPX9K6H;
				GENERATE_INFOPLIST_FILE = YES;
				IPHONEOS_DEPLOYMENT_TARGET = 17.0;
				PRODUCT_BUNDLE_IDENTIFIER = sh.xat.dash.tests;
				PRODUCT_NAME = "$(TARGET_NAME)";
				SDKROOT = iphoneos;
				SUPPORTED_PLATFORMS = "iphoneos iphonesimulator";
				SWIFT_VERSION = 6.0;
				TEST_HOST = "$(BUILT_PRODUCTS_DIR)/Dash.app/Dash";
			};
			name = Debug;
		};
		E00000000000000000000032 /* Release */ = {
			isa = XCBuildConfiguration;
			buildSettings = {
				BUNDLE_LOADER = "$(TEST_HOST)";
				CODE_SIGN_STYLE = Automatic;
				DEVELOPMENT_TEAM = J4CCPX9K6H;
				GENERATE_INFOPLIST_FILE = YES;
				IPHONEOS_DEPLOYMENT_TARGET = 17.0;
				PRODUCT_BUNDLE_IDENTIFIER = sh.xat.dash.tests;
				PRODUCT_NAME = "$(TARGET_NAME)";
				SDKROOT = iphoneos;
				SUPPORTED_PLATFORMS = "iphoneos iphonesimulator";
				SWIFT_VERSION = 6.0;
				TEST_HOST = "$(BUILT_PRODUCTS_DIR)/Dash.app/Dash";
			};
			name = Release;
		};
		E00000000000000000000041 /* Debug */ = {
			isa = XCBuildConfiguration;
			buildSettings = {
				CODE_SIGN_STYLE = Automatic;
				DEVELOPMENT_TEAM = J4CCPX9K6H;
				GENERATE_INFOPLIST_FILE = YES;
				IPHONEOS_DEPLOYMENT_TARGET = 17.0;
				PRODUCT_BUNDLE_IDENTIFIER = sh.xat.dash.uitests;
				PRODUCT_NAME = "$(TARGET_NAME)";
				SDKROOT = iphoneos;
				SUPPORTED_PLATFORMS = "iphoneos iphonesimulator";
				SWIFT_VERSION = 6.0;
				TEST_TARGET_NAME = Dash;
			};
			name = Debug;
		};
		E00000000000000000000042 /* Release */ = {
			isa = XCBuildConfiguration;
			buildSettings = {
				CODE_SIGN_STYLE = Automatic;
				DEVELOPMENT_TEAM = J4CCPX9K6H;
				GENERATE_INFOPLIST_FILE = YES;
				IPHONEOS_DEPLOYMENT_TARGET = 17.0;
				PRODUCT_BUNDLE_IDENTIFIER = sh.xat.dash.uitests;
				PRODUCT_NAME = "$(TARGET_NAME)";
				SDKROOT = iphoneos;
				SUPPORTED_PLATFORMS = "iphoneos iphonesimulator";
				SWIFT_VERSION = 6.0;
				TEST_TARGET_NAME = Dash;
			};
			name = Release;
		};
		E00000000000000000000051 /* Debug */ = {
			isa = XCBuildConfiguration;
			baseConfigurationReference = F00000000000000000000030 /* Base.xcconfig */;
			buildSettings = {
				CODE_SIGN_ENTITLEMENTS = DashWidgets/DashWidgets.entitlements;
				CODE_SIGN_STYLE = Automatic;
				DEVELOPMENT_TEAM = J4CCPX9K6H;
				GENERATE_INFOPLIST_FILE = YES;
				INFOPLIST_FILE = DashWidgets/Info.plist;
				INFOPLIST_KEY_CFBundleDisplayName = Watchtower;
				LD_RUNPATH_SEARCH_PATHS = "$(inherited) @executable_path/Frameworks @executable_path/../../Frameworks";
				PRODUCT_BUNDLE_IDENTIFIER = sh.xat.dash.widgets;
				PRODUCT_NAME = "$(TARGET_NAME)";
				SDKROOT = iphoneos;
				SKIP_INSTALL = YES;
				SUPPORTED_PLATFORMS = "iphoneos iphonesimulator";
				SWIFT_VERSION = 6.0;
				TARGETED_DEVICE_FAMILY = 1;
			};
			name = Debug;
		};
		E00000000000000000000052 /* Release */ = {
			isa = XCBuildConfiguration;
			baseConfigurationReference = F00000000000000000000030 /* Base.xcconfig */;
			buildSettings = {
				CODE_SIGN_ENTITLEMENTS = DashWidgets/DashWidgets.entitlements;
				CODE_SIGN_STYLE = Automatic;
				DEVELOPMENT_TEAM = J4CCPX9K6H;
				GENERATE_INFOPLIST_FILE = YES;
				INFOPLIST_FILE = DashWidgets/Info.plist;
				INFOPLIST_KEY_CFBundleDisplayName = Watchtower;
				LD_RUNPATH_SEARCH_PATHS = "$(inherited) @executable_path/Frameworks @executable_path/../../Frameworks";
				PRODUCT_BUNDLE_IDENTIFIER = sh.xat.dash.widgets;
				PRODUCT_NAME = "$(TARGET_NAME)";
				SDKROOT = iphoneos;
				SKIP_INSTALL = YES;
				SUPPORTED_PLATFORMS = "iphoneos iphonesimulator";
				SWIFT_VERSION = 6.0;
				TARGETED_DEVICE_FAMILY = 1;
			};
			name = Release;
		};
/* End XCBuildConfiguration section */

/* Begin XCConfigurationList section */
		E00000000000000000000001 /* Build configuration list for PBXProject "Dash" */ = {
			isa = XCConfigurationList;
			buildConfigurations = (
				E00000000000000000000011 /* Debug */,
				E00000000000000000000012 /* Release */,
			);
			defaultConfigurationIsVisible = 0;
			defaultConfigurationName = Release;
		};
		E00000000000000000000002 /* Build configuration list for PBXNativeTarget "Dash" */ = {
			isa = XCConfigurationList;
			buildConfigurations = (
				E00000000000000000000021 /* Debug */,
				E00000000000000000000022 /* Release */,
			);
			defaultConfigurationIsVisible = 0;
			defaultConfigurationName = Release;
		};
		E00000000000000000000003 /* Build configuration list for PBXNativeTarget "DashTests" */ = {
			isa = XCConfigurationList;
			buildConfigurations = (
				E00000000000000000000031 /* Debug */,
				E00000000000000000000032 /* Release */,
			);
			defaultConfigurationIsVisible = 0;
			defaultConfigurationName = Release;
		};
		E00000000000000000000004 /* Build configuration list for PBXNativeTarget "DashUITests" */ = {
			isa = XCConfigurationList;
			buildConfigurations = (
				E00000000000000000000041 /* Debug */,
				E00000000000000000000042 /* Release */,
			);
			defaultConfigurationIsVisible = 0;
			defaultConfigurationName = Release;
		};
		E00000000000000000000005 /* Build configuration list for PBXNativeTarget "DashWidgets" */ = {
			isa = XCConfigurationList;
			buildConfigurations = (
				E00000000000000000000051 /* Debug */,
				E00000000000000000000052 /* Release */,
			);
			defaultConfigurationIsVisible = 0;
			defaultConfigurationName = Release;
		};
/* End XCConfigurationList section */

/* Begin XCLocalSwiftPackageReference section */
		P00000000000000000000002 /* XCLocalSwiftPackageReference "../../packages/cloudflare-api" */ = {
			isa = XCLocalSwiftPackageReference;
			relativePath = "../../packages/cloudflare-api";
		};
/* End XCLocalSwiftPackageReference section */

/* Begin XCSwiftPackageProductDependency section */
		P00000000000000000000001 /* CloudflareAPI */ = {
			isa = XCSwiftPackageProductDependency;
			package = P00000000000000000000002 /* XCLocalSwiftPackageReference "../../packages/cloudflare-api" */;
			productName = CloudflareAPI;
		};
/* End XCSwiftPackageProductDependency section */
	};
	rootObject = A00000000000000000000001 /* Project object */;
}
